// !$*UTF8*$!
{
	archiveVersion = 1;
	classes = {
	};
	objectVersion = 56;
	objects = {

/* Begin PBXBuildFile section */
		9C01FC692BA9AB3C00BA6062 /* UserInfoModel.swift in Sources */ = {isa = PBXBuildFile; fileRef = 9C01FC682BA9AB3C00BA6062 /* UserInfoModel.swift */; };
		9C05DC592BD2015200B01E67 /* DetailUserInfoVC.swift in Sources */ = {isa = PBXBuildFile; fileRef = 9C05DC582BD2015200B01E67 /* DetailUserInfoVC.swift */; };
		9C1B14AD2B7EFDD500BA9E64 /* AppDelegate.swift in Sources */ = {isa = PBXBuildFile; fileRef = 9C1B14AC2B7EFDD500BA9E64 /* AppDelegate.swift */; };
		9C1B14AF2B7EFDD500BA9E64 /* SceneDelegate.swift in Sources */ = {isa = PBXBuildFile; fileRef = 9C1B14AE2B7EFDD500BA9E64 /* SceneDelegate.swift */; };
		9C1B14B12B7EFDD500BA9E64 /* SignInVC.swift in Sources */ = {isa = PBXBuildFile; fileRef = 9C1B14B02B7EFDD500BA9E64 /* SignInVC.swift */; };
		9C1B14B72B7EFDD500BA9E64 /* PetCam.xcdatamodeld in Sources */ = {isa = PBXBuildFile; fileRef = 9C1B14B52B7EFDD500BA9E64 /* PetCam.xcdatamodeld */; };
		9C1B14B92B7EFDD600BA9E64 /* Assets.xcassets in Resources */ = {isa = PBXBuildFile; fileRef = 9C1B14B82B7EFDD600BA9E64 /* Assets.xcassets */; };
		9C1B14C72B7EFDD600BA9E64 /* PetCamTests.swift in Sources */ = {isa = PBXBuildFile; fileRef = 9C1B14C62B7EFDD600BA9E64 /* PetCamTests.swift */; };
		9C1B14D12B7EFDD600BA9E64 /* PetCamUITests.swift in Sources */ = {isa = PBXBuildFile; fileRef = 9C1B14D02B7EFDD600BA9E64 /* PetCamUITests.swift */; };
		9C1B14D32B7EFDD600BA9E64 /* PetCamUITestsLaunchTests.swift in Sources */ = {isa = PBXBuildFile; fileRef = 9C1B14D22B7EFDD600BA9E64 /* PetCamUITestsLaunchTests.swift */; };
		9C1B14E12B7EFE6E00BA9E64 /* FirebaseDatabase in Frameworks */ = {isa = PBXBuildFile; productRef = 9C1B14E02B7EFE6E00BA9E64 /* FirebaseDatabase */; };
		9C1B14E32B7EFE6E00BA9E64 /* FirebaseStorage in Frameworks */ = {isa = PBXBuildFile; productRef = 9C1B14E22B7EFE6E00BA9E64 /* FirebaseStorage */; };
		9C1B14E82B7F09EA00BA9E64 /* GoogleSignIn in Frameworks */ = {isa = PBXBuildFile; productRef = 9C1B14E72B7F09EA00BA9E64 /* GoogleSignIn */; };
		9C1B14EF2B7F12F700BA9E64 /* FirebaseAuth in Frameworks */ = {isa = PBXBuildFile; productRef = 9C1B14EE2B7F12F700BA9E64 /* FirebaseAuth */; };
		9C3ACFB72C086661002F2025 /* Main.storyboard in Resources */ = {isa = PBXBuildFile; fileRef = 9C3ACFB62C086661002F2025 /* Main.storyboard */; };
		9C4B5AAE2BBD5CFF00AA4FCA /* Lottie in Frameworks */ = {isa = PBXBuildFile; productRef = 9C4B5AAD2BBD5CFF00AA4FCA /* Lottie */; };
		9C4C96B62BCB9C92007B36B6 /* AddCamCell.xib in Resources */ = {isa = PBXBuildFile; fileRef = 9C4C96B52BCB9C92007B36B6 /* AddCamCell.xib */; };
		9C4C96B72BCB9C92007B36B6 /* AddCamCell.swift in Sources */ = {isa = PBXBuildFile; fileRef = 9C4C96B42BCB9C92007B36B6 /* AddCamCell.swift */; };
		9C4C96C52BCBF121007B36B6 /* DetailCell.xib in Resources */ = {isa = PBXBuildFile; fileRef = 9C4C96C42BCBF121007B36B6 /* DetailCell.xib */; };
		9C4C96C62BCBF121007B36B6 /* DetailCell.swift in Sources */ = {isa = PBXBuildFile; fileRef = 9C4C96C32BCBF121007B36B6 /* DetailCell.swift */; };
		9C4C96C82BCBF474007B36B6 /* SettingDeviceVC.swift in Sources */ = {isa = PBXBuildFile; fileRef = 9C4C96C72BCBF474007B36B6 /* SettingDeviceVC.swift */; };
		9C4C96CC2BCBF69B007B36B6 /* SettingDeviceCell.xib in Resources */ = {isa = PBXBuildFile; fileRef = 9C4C96CB2BCBF69B007B36B6 /* SettingDeviceCell.xib */; };
		9C4C96CD2BCBF69B007B36B6 /* SettingDeviceCell.swift in Sources */ = {isa = PBXBuildFile; fileRef = 9C4C96CA2BCBF69B007B36B6 /* SettingDeviceCell.swift */; };
		9C5275B32B8703D300B885A9 /* URLModel.swift in Sources */ = {isa = PBXBuildFile; fileRef = 9C5275B22B8703D300B885A9 /* URLModel.swift */; };
		9C73CC032BE36375008399A2 /* Starscream in Frameworks */ = {isa = PBXBuildFile; productRef = 9C73CC022BE36375008399A2 /* Starscream */; };
		9C8E296B2B8842F4000A113D /* NavigationController.swift in Sources */ = {isa = PBXBuildFile; fileRef = 9C8E296A2B8842F4000A113D /* NavigationController.swift */; };
		9C9D57CC2B7F1CFE00228CC4 /* SelectModeVC.swift in Sources */ = {isa = PBXBuildFile; fileRef = 9C9D57CA2B7F1CFE00228CC4 /* SelectModeVC.swift */; };
		9C9D57D12B7F537600228CC4 /* WatchTabbar.swift in Sources */ = {isa = PBXBuildFile; fileRef = 9C9D57D02B7F537600228CC4 /* WatchTabbar.swift */; };
		9C9D57D32B7F542F00228CC4 /* WatchCamListVC.swift in Sources */ = {isa = PBXBuildFile; fileRef = 9C9D57D22B7F542F00228CC4 /* WatchCamListVC.swift */; };
		9C9D57DF2B7F595A00228CC4 /* CamPlayerVC.swift in Sources */ = {isa = PBXBuildFile; fileRef = 9C9D57DE2B7F595A00228CC4 /* CamPlayerVC.swift */; };
		9C9D57E12B805E0700228CC4 /* PlayerModel.swift in Sources */ = {isa = PBXBuildFile; fileRef = 9C9D57E02B805E0700228CC4 /* PlayerModel.swift */; };
		9C9D57E42B80924B00228CC4 /* WatchTableCell.swift in Sources */ = {isa = PBXBuildFile; fileRef = 9C9D57E22B80924B00228CC4 /* WatchTableCell.swift */; };
		9C9D57E52B80924B00228CC4 /* WatchTableCell.xib in Resources */ = {isa = PBXBuildFile; fileRef = 9C9D57E32B80924B00228CC4 /* WatchTableCell.xib */; };
		9C9D57E72B8098D200228CC4 /* FirebaseModel.swift in Sources */ = {isa = PBXBuildFile; fileRef = 9C9D57E62B8098D200228CC4 /* FirebaseModel.swift */; };
		9C9D57EA2B809D2C00228CC4 /* UserInfoVC.swift in Sources */ = {isa = PBXBuildFile; fileRef = 9C9D57E92B809D2C00228CC4 /* UserInfoVC.swift */; };
		9C9D57F12B8358BB00228CC4 /* StreamingVC.swift in Sources */ = {isa = PBXBuildFile; fileRef = 9C9D57F02B8358BB00228CC4 /* StreamingVC.swift */; };
		9CAB4C9F2C086D1E00CD02CF /* AuthKey_N39KX78XLM.p8 in Resources */ = {isa = PBXBuildFile; fileRef = 9CAB4C9E2C086D1E00CD02CF /* AuthKey_N39KX78XLM.p8 */; };
		9CAB4CA12C086D2200CD02CF /* loading.json in Resources */ = {isa = PBXBuildFile; fileRef = 9CAB4CA02C086D2200CD02CF /* loading.json */; };
		9CAB4CA32C086D2C00CD02CF /* GoogleService-Info.plist in Resources */ = {isa = PBXBuildFile; fileRef = 9CAB4CA22C086D2C00CD02CF /* GoogleService-Info.plist */; };
		9CAB4CA52C08701200CD02CF /* CamMode.storyboard in Resources */ = {isa = PBXBuildFile; fileRef = 9CAB4CA42C08701200CD02CF /* CamMode.storyboard */; };
		9CAB4CA72C08716C00CD02CF /* NoticeCell.xib in Resources */ = {isa = PBXBuildFile; fileRef = 9CAB4CA62C08716C00CD02CF /* NoticeCell.xib */; };
		9CAF52852B8E131F0087D940 /* WatchCamListModel.swift in Sources */ = {isa = PBXBuildFile; fileRef = 9CAF52842B8E131F0087D940 /* WatchCamListModel.swift */; };
		9CBDB39A2B8C7A1D005EA5EA /* StreamingVCModel.swift in Sources */ = {isa = PBXBuildFile; fileRef = 9CBDB3992B8C7A1D005EA5EA /* StreamingVCModel.swift */; };
		9CC422C52B9DC8BF000DBC09 /* StreamingInfo.swift in Sources */ = {isa = PBXBuildFile; fileRef = 9CC422C42B9DC8BF000DBC09 /* StreamingInfo.swift */; };
		9CC422CA2BA01E64000DBC09 /* NoticeVC.swift in Sources */ = {isa = PBXBuildFile; fileRef = 9CC422C92BA01E64000DBC09 /* NoticeVC.swift */; };
		9CC422CF2BA01F13000DBC09 /* NoticeCell.swift in Sources */ = {isa = PBXBuildFile; fileRef = 9CC422CD2BA01F13000DBC09 /* NoticeCell.swift */; };
		9CC422D22BA02240000DBC09 /* NoticeModel.swift in Sources */ = {isa = PBXBuildFile; fileRef = 9CC422D12BA02240000DBC09 /* NoticeModel.swift */; };
		9CC422D42BA04A5E000DBC09 /* NoticeInfoVC.swift in Sources */ = {isa = PBXBuildFile; fileRef = 9CC422D32BA04A5E000DBC09 /* NoticeInfoVC.swift */; };
		9CC8C2BA2BD7D419002D474B /* LaunchScreen.storyboard in Resources */ = {isa = PBXBuildFile; fileRef = 9CC8C2B92BD7D419002D474B /* LaunchScreen.storyboard */; };
		9CCA80A32B9186F9000E3312 /* WatchCamListSettingVC.swift in Sources */ = {isa = PBXBuildFile; fileRef = 9CCA80A22B9186F9000E3312 /* WatchCamListSettingVC.swift */; };
		9CCA80A52B91E54E000E3312 /* WatchCamListSettingModel.swift in Sources */ = {isa = PBXBuildFile; fileRef = 9CCA80A42B91E54E000E3312 /* WatchCamListSettingModel.swift */; };
		9CE06A702B85B7B700DBF073 /* MoveViewControllerModel.swift in Sources */ = {isa = PBXBuildFile; fileRef = 9CE06A6F2B85B7B700DBF073 /* MoveViewControllerModel.swift */; };
		9CF840882BE8E18900FE61BD /* WebRTCClient.swift in Sources */ = {isa = PBXBuildFile; fileRef = 9CF840872BE8E18900FE61BD /* WebRTCClient.swift */; };
		9CF8408B2BE8E1CC00FE61BD /* WebRTC in Frameworks */ = {isa = PBXBuildFile; productRef = 9CF8408A2BE8E1CC00FE61BD /* WebRTC */; };
		9CF8408D2BE8E21200FE61BD /* SignalingClient.swift in Sources */ = {isa = PBXBuildFile; fileRef = 9CF8408C2BE8E21200FE61BD /* SignalingClient.swift */; };
		9CF8408F2BE8E22D00FE61BD /* Message.swift in Sources */ = {isa = PBXBuildFile; fileRef = 9CF8408E2BE8E22D00FE61BD /* Message.swift */; };
/* End PBXBuildFile section */

/* Begin PBXContainerItemProxy section */
		9C1B14C32B7EFDD600BA9E64 /* PBXContainerItemProxy */ = {
			isa = PBXContainerItemProxy;
			containerPortal = 9C1B14A12B7EFDD500BA9E64 /* Project object */;
			proxyType = 1;
			remoteGlobalIDString = 9C1B14A82B7EFDD500BA9E64;
			remoteInfo = PetCam;
		};
		9C1B14CD2B7EFDD600BA9E64 /* PBXContainerItemProxy */ = {
			isa = PBXContainerItemProxy;
			containerPortal = 9C1B14A12B7EFDD500BA9E64 /* Project object */;
			proxyType = 1;
			remoteGlobalIDString = 9C1B14A82B7EFDD500BA9E64;
			remoteInfo = PetCam;
		};
/* End PBXContainerItemProxy section */

/* Begin PBXCopyFilesBuildPhase section */
		9CD8687F2BBAB53300FD1E67 /* Embed Frameworks */ = {
			isa = PBXCopyFilesBuildPhase;
			buildActionMask = 2147483647;
			dstPath = "";
			dstSubfolderSpec = 10;
			files = (
			);
			name = "Embed Frameworks";
			runOnlyForDeploymentPostprocessing = 0;
		};
/* End PBXCopyFilesBuildPhase section */

/* Begin PBXFileReference section */
		9C01FC682BA9AB3C00BA6062 /* UserInfoModel.swift */ = {isa = PBXFileReference; lastKnownFileType = sourcecode.swift; path = UserInfoModel.swift; sourceTree = "<group>"; };
		9C05DC582BD2015200B01E67 /* DetailUserInfoVC.swift */ = {isa = PBXFileReference; lastKnownFileType = sourcecode.swift; path = DetailUserInfoVC.swift; sourceTree = "<group>"; };
		9C1B14A92B7EFDD500BA9E64 /* AtThisMoment.app */ = {isa = PBXFileReference; explicitFileType = wrapper.application; includeInIndex = 0; path = AtThisMoment.app; sourceTree = BUILT_PRODUCTS_DIR; };
		9C1B14AC2B7EFDD500BA9E64 /* AppDelegate.swift */ = {isa = PBXFileReference; lastKnownFileType = sourcecode.swift; path = AppDelegate.swift; sourceTree = "<group>"; };
		9C1B14AE2B7EFDD500BA9E64 /* SceneDelegate.swift */ = {isa = PBXFileReference; lastKnownFileType = sourcecode.swift; path = SceneDelegate.swift; sourceTree = "<group>"; };
		9C1B14B02B7EFDD500BA9E64 /* SignInVC.swift */ = {isa = PBXFileReference; lastKnownFileType = sourcecode.swift; path = SignInVC.swift; sourceTree = "<group>"; };
		9C1B14B62B7EFDD500BA9E64 /* PetCam.xcdatamodel */ = {isa = PBXFileReference; lastKnownFileType = wrapper.xcdatamodel; path = PetCam.xcdatamodel; sourceTree = "<group>"; };
		9C1B14B82B7EFDD600BA9E64 /* Assets.xcassets */ = {isa = PBXFileReference; lastKnownFileType = folder.assetcatalog; path = Assets.xcassets; sourceTree = "<group>"; };
		9C1B14BD2B7EFDD600BA9E64 /* Info.plist */ = {isa = PBXFileReference; lastKnownFileType = text.plist.xml; path = Info.plist; sourceTree = "<group>"; };
		9C1B14C22B7EFDD600BA9E64 /* AtThisMomentTests.xctest */ = {isa = PBXFileReference; explicitFileType = wrapper.cfbundle; includeInIndex = 0; path = AtThisMomentTests.xctest; sourceTree = BUILT_PRODUCTS_DIR; };
		9C1B14C62B7EFDD600BA9E64 /* PetCamTests.swift */ = {isa = PBXFileReference; lastKnownFileType = sourcecode.swift; path = PetCamTests.swift; sourceTree = "<group>"; };
		9C1B14CC2B7EFDD600BA9E64 /* AtThisMomentUITests.xctest */ = {isa = PBXFileReference; explicitFileType = wrapper.cfbundle; includeInIndex = 0; path = AtThisMomentUITests.xctest; sourceTree = BUILT_PRODUCTS_DIR; };
		9C1B14D02B7EFDD600BA9E64 /* PetCamUITests.swift */ = {isa = PBXFileReference; lastKnownFileType = sourcecode.swift; path = PetCamUITests.swift; sourceTree = "<group>"; };
		9C1B14D22B7EFDD600BA9E64 /* PetCamUITestsLaunchTests.swift */ = {isa = PBXFileReference; lastKnownFileType = sourcecode.swift; path = PetCamUITestsLaunchTests.swift; sourceTree = "<group>"; };
		9C3ACFB62C086661002F2025 /* Main.storyboard */ = {isa = PBXFileReference; fileEncoding = 4; lastKnownFileType = file.storyboard; path = Main.storyboard; sourceTree = "<group>"; };
		9C4C96B42BCB9C92007B36B6 /* AddCamCell.swift */ = {isa = PBXFileReference; lastKnownFileType = sourcecode.swift; path = AddCamCell.swift; sourceTree = "<group>"; };
		9C4C96B52BCB9C92007B36B6 /* AddCamCell.xib */ = {isa = PBXFileReference; lastKnownFileType = file.xib; path = AddCamCell.xib; sourceTree = "<group>"; };
		9C4C96C32BCBF121007B36B6 /* DetailCell.swift */ = {isa = PBXFileReference; lastKnownFileType = sourcecode.swift; path = DetailCell.swift; sourceTree = "<group>"; };
		9C4C96C42BCBF121007B36B6 /* DetailCell.xib */ = {isa = PBXFileReference; lastKnownFileType = file.xib; path = DetailCell.xib; sourceTree = "<group>"; };
		9C4C96C72BCBF474007B36B6 /* SettingDeviceVC.swift */ = {isa = PBXFileReference; lastKnownFileType = sourcecode.swift; path = SettingDeviceVC.swift; sourceTree = "<group>"; };
		9C4C96CA2BCBF69B007B36B6 /* SettingDeviceCell.swift */ = {isa = PBXFileReference; lastKnownFileType = sourcecode.swift; path = SettingDeviceCell.swift; sourceTree = "<group>"; };
		9C4C96CB2BCBF69B007B36B6 /* SettingDeviceCell.xib */ = {isa = PBXFileReference; lastKnownFileType = file.xib; path = SettingDeviceCell.xib; sourceTree = "<group>"; };
		9C5275B22B8703D300B885A9 /* URLModel.swift */ = {isa = PBXFileReference; lastKnownFileType = sourcecode.swift; path = URLModel.swift; sourceTree = "<group>"; };
		9C6503D12BB802FD00177FD6 /* PetCam.entitlements */ = {isa = PBXFileReference; lastKnownFileType = text.plist.entitlements; path = PetCam.entitlements; sourceTree = "<group>"; };
		9C8E296A2B8842F4000A113D /* NavigationController.swift */ = {isa = PBXFileReference; lastKnownFileType = sourcecode.swift; path = NavigationController.swift; sourceTree = "<group>"; };
		9C9D57CA2B7F1CFE00228CC4 /* SelectModeVC.swift */ = {isa = PBXFileReference; lastKnownFileType = sourcecode.swift; path = SelectModeVC.swift; sourceTree = "<group>"; };
		9C9D57D02B7F537600228CC4 /* WatchTabbar.swift */ = {isa = PBXFileReference; lastKnownFileType = sourcecode.swift; path = WatchTabbar.swift; sourceTree = "<group>"; };
		9C9D57D22B7F542F00228CC4 /* WatchCamListVC.swift */ = {isa = PBXFileReference; lastKnownFileType = sourcecode.swift; path = WatchCamListVC.swift; sourceTree = "<group>"; };
		9C9D57DE2B7F595A00228CC4 /* CamPlayerVC.swift */ = {isa = PBXFileReference; lastKnownFileType = sourcecode.swift; path = CamPlayerVC.swift; sourceTree = "<group>"; };
		9C9D57E02B805E0700228CC4 /* PlayerModel.swift */ = {isa = PBXFileReference; lastKnownFileType = sourcecode.swift; path = PlayerModel.swift; sourceTree = "<group>"; };
		9C9D57E22B80924B00228CC4 /* WatchTableCell.swift */ = {isa = PBXFileReference; lastKnownFileType = sourcecode.swift; path = WatchTableCell.swift; sourceTree = "<group>"; };
		9C9D57E32B80924B00228CC4 /* WatchTableCell.xib */ = {isa = PBXFileReference; lastKnownFileType = file.xib; path = WatchTableCell.xib; sourceTree = "<group>"; };
		9C9D57E62B8098D200228CC4 /* FirebaseModel.swift */ = {isa = PBXFileReference; lastKnownFileType = sourcecode.swift; path = FirebaseModel.swift; sourceTree = "<group>"; };
		9C9D57E92B809D2C00228CC4 /* UserInfoVC.swift */ = {isa = PBXFileReference; lastKnownFileType = sourcecode.swift; path = UserInfoVC.swift; sourceTree = "<group>"; };
		9C9D57F02B8358BB00228CC4 /* StreamingVC.swift */ = {isa = PBXFileReference; lastKnownFileType = sourcecode.swift; path = StreamingVC.swift; sourceTree = "<group>"; };
		9CAB4C9E2C086D1E00CD02CF /* AuthKey_N39KX78XLM.p8 */ = {isa = PBXFileReference; fileEncoding = 4; lastKnownFileType = text; name = AuthKey_N39KX78XLM.p8; path = ../../Assets/AuthKey_N39KX78XLM.p8; sourceTree = "<group>"; };
		9CAB4CA02C086D2200CD02CF /* loading.json */ = {isa = PBXFileReference; fileEncoding = 4; lastKnownFileType = text.json; name = loading.json; path = ../../Assets/loading.json; sourceTree = "<group>"; };
		9CAB4CA22C086D2C00CD02CF /* GoogleService-Info.plist */ = {isa = PBXFileReference; fileEncoding = 4; lastKnownFileType = text.plist.xml; name = "GoogleService-Info.plist"; path = "../../Assets/GoogleService-Info.plist"; sourceTree = "<group>"; };
		9CAB4CA42C08701200CD02CF /* CamMode.storyboard */ = {isa = PBXFileReference; fileEncoding = 4; lastKnownFileType = file.storyboard; path = CamMode.storyboard; sourceTree = "<group>"; };
		9CAB4CA62C08716C00CD02CF /* NoticeCell.xib */ = {isa = PBXFileReference; fileEncoding = 4; lastKnownFileType = file.xib; path = NoticeCell.xib; sourceTree = "<group>"; };
		9CAF52842B8E131F0087D940 /* WatchCamListModel.swift */ = {isa = PBXFileReference; lastKnownFileType = sourcecode.swift; path = WatchCamListModel.swift; sourceTree = "<group>"; };
		9CBDB3992B8C7A1D005EA5EA /* StreamingVCModel.swift */ = {isa = PBXFileReference; lastKnownFileType = sourcecode.swift; path = StreamingVCModel.swift; sourceTree = "<group>"; };
		9CC422C42B9DC8BF000DBC09 /* StreamingInfo.swift */ = {isa = PBXFileReference; lastKnownFileType = sourcecode.swift; path = StreamingInfo.swift; sourceTree = "<group>"; };
		9CC422C92BA01E64000DBC09 /* NoticeVC.swift */ = {isa = PBXFileReference; lastKnownFileType = sourcecode.swift; path = NoticeVC.swift; sourceTree = "<group>"; };
		9CC422CD2BA01F13000DBC09 /* NoticeCell.swift */ = {isa = PBXFileReference; lastKnownFileType = sourcecode.swift; path = NoticeCell.swift; sourceTree = "<group>"; };
		9CC422D12BA02240000DBC09 /* NoticeModel.swift */ = {isa = PBXFileReference; lastKnownFileType = sourcecode.swift; path = NoticeModel.swift; sourceTree = "<group>"; };
		9CC422D32BA04A5E000DBC09 /* NoticeInfoVC.swift */ = {isa = PBXFileReference; lastKnownFileType = sourcecode.swift; path = NoticeInfoVC.swift; sourceTree = "<group>"; };
		9CC8C2B92BD7D419002D474B /* LaunchScreen.storyboard */ = {isa = PBXFileReference; lastKnownFileType = file.storyboard; path = LaunchScreen.storyboard; sourceTree = "<group>"; };
		9CCA80A22B9186F9000E3312 /* WatchCamListSettingVC.swift */ = {isa = PBXFileReference; lastKnownFileType = sourcecode.swift; path = WatchCamListSettingVC.swift; sourceTree = "<group>"; };
		9CCA80A42B91E54E000E3312 /* WatchCamListSettingModel.swift */ = {isa = PBXFileReference; lastKnownFileType = sourcecode.swift; path = WatchCamListSettingModel.swift; sourceTree = "<group>"; };
		9CE06A6F2B85B7B700DBF073 /* MoveViewControllerModel.swift */ = {isa = PBXFileReference; lastKnownFileType = sourcecode.swift; path = MoveViewControllerModel.swift; sourceTree = "<group>"; };
		9CF840872BE8E18900FE61BD /* WebRTCClient.swift */ = {isa = PBXFileReference; lastKnownFileType = sourcecode.swift; path = WebRTCClient.swift; sourceTree = "<group>"; };
		9CF8408C2BE8E21200FE61BD /* SignalingClient.swift */ = {isa = PBXFileReference; lastKnownFileType = sourcecode.swift; path = SignalingClient.swift; sourceTree = "<group>"; };
		9CF8408E2BE8E22D00FE61BD /* Message.swift */ = {isa = PBXFileReference; lastKnownFileType = sourcecode.swift; path = Message.swift; sourceTree = "<group>"; };
/* End PBXFileReference section */

/* Begin PBXFrameworksBuildPhase section */
		9C1B14A62B7EFDD500BA9E64 /* Frameworks */ = {
			isa = PBXFrameworksBuildPhase;
			buildActionMask = 2147483647;
			files = (
				9C1B14E12B7EFE6E00BA9E64 /* FirebaseDatabase in Frameworks */,
				9C4B5AAE2BBD5CFF00AA4FCA /* Lottie in Frameworks */,
				9C1B14E32B7EFE6E00BA9E64 /* FirebaseStorage in Frameworks */,
				9C73CC032BE36375008399A2 /* Starscream in Frameworks */,
				9C1B14E82B7F09EA00BA9E64 /* GoogleSignIn in Frameworks */,
				9CF8408B2BE8E1CC00FE61BD /* WebRTC in Frameworks */,
				9C1B14EF2B7F12F700BA9E64 /* FirebaseAuth in Frameworks */,
			);
			runOnlyForDeploymentPostprocessing = 0;
		};
		9C1B14BF2B7EFDD600BA9E64 /* Frameworks */ = {
			isa = PBXFrameworksBuildPhase;
			buildActionMask = 2147483647;
			files = (
			);
			runOnlyForDeploymentPostprocessing = 0;
		};
		9C1B14C92B7EFDD600BA9E64 /* Frameworks */ = {
			isa = PBXFrameworksBuildPhase;
			buildActionMask = 2147483647;
			files = (
			);
			runOnlyForDeploymentPostprocessing = 0;
		};
/* End PBXFrameworksBuildPhase section */

/* Begin PBXGroup section */
		9C1B14A02B7EFDD500BA9E64 = {
			isa = PBXGroup;
			children = (
				9C1B14AB2B7EFDD500BA9E64 /* PetCam */,
				9C1B14C52B7EFDD600BA9E64 /* PetCamTests */,
				9C1B14CF2B7EFDD600BA9E64 /* PetCamUITests */,
				9C1B14AA2B7EFDD500BA9E64 /* Products */,
			);
			sourceTree = "<group>";
		};
		9C1B14AA2B7EFDD500BA9E64 /* Products */ = {
			isa = PBXGroup;
			children = (
				9C1B14A92B7EFDD500BA9E64 /* AtThisMoment.app */,
				9C1B14C22B7EFDD600BA9E64 /* AtThisMomentTests.xctest */,
				9C1B14CC2B7EFDD600BA9E64 /* AtThisMomentUITests.xctest */,
			);
			name = Products;
			sourceTree = "<group>";
		};
		9C1B14AB2B7EFDD500BA9E64 /* PetCam */ = {
			isa = PBXGroup;
			children = (
				9C6503D12BB802FD00177FD6 /* PetCam.entitlements */,
				9C1B14AC2B7EFDD500BA9E64 /* AppDelegate.swift */,
				9C1B14AE2B7EFDD500BA9E64 /* SceneDelegate.swift */,
				9C9D57CA2B7F1CFE00228CC4 /* SelectModeVC.swift */,
				9C8E296A2B8842F4000A113D /* NavigationController.swift */,
				9C1B14B02B7EFDD500BA9E64 /* SignInVC.swift */,
				9CF840862BE8E16800FE61BD /* WebRTC */,
				9CBDB3942B8C429D005EA5EA /* MainModel */,
				9C1B14E52B7EFED800BA9E64 /* WatchMode */,
				9C1B14E42B7EFEB200BA9E64 /* CamMode */,
				9CAB4CA02C086D2200CD02CF /* loading.json */,
				9CAB4CA22C086D2C00CD02CF /* GoogleService-Info.plist */,
				9CAB4C9E2C086D1E00CD02CF /* AuthKey_N39KX78XLM.p8 */,
				9C1B14B82B7EFDD600BA9E64 /* Assets.xcassets */,
				9CC8C2B92BD7D419002D474B /* LaunchScreen.storyboard */,
				9C1B14BD2B7EFDD600BA9E64 /* Info.plist */,
				9C1B14B52B7EFDD500BA9E64 /* PetCam.xcdatamodeld */,
			);
			path = PetCam;
			sourceTree = "<group>";
		};
		9C1B14C52B7EFDD600BA9E64 /* PetCamTests */ = {
			isa = PBXGroup;
			children = (
				9C1B14C62B7EFDD600BA9E64 /* PetCamTests.swift */,
			);
			path = PetCamTests;
			sourceTree = "<group>";
		};
		9C1B14CF2B7EFDD600BA9E64 /* PetCamUITests */ = {
			isa = PBXGroup;
			children = (
				9C1B14D22B7EFDD600BA9E64 /* PetCamUITestsLaunchTests.swift */,
				9C1B14D02B7EFDD600BA9E64 /* PetCamUITests.swift */,
			);
			path = PetCamUITests;
			sourceTree = "<group>";
		};
		9C1B14E42B7EFEB200BA9E64 /* CamMode */ = {
			isa = PBXGroup;
			children = (
				9CAB4CA42C08701200CD02CF /* CamMode.storyboard */,
				9C9D57F02B8358BB00228CC4 /* StreamingVC.swift */,
				9CBDB3992B8C7A1D005EA5EA /* StreamingVCModel.swift */,
				9CC422C42B9DC8BF000DBC09 /* StreamingInfo.swift */,
			);
			path = CamMode;
			sourceTree = "<group>";
		};
		9C1B14E52B7EFED800BA9E64 /* WatchMode */ = {
			isa = PBXGroup;
			children = (
				9C3ACFB62C086661002F2025 /* Main.storyboard */,
				9C9D57D02B7F537600228CC4 /* WatchTabbar.swift */,
				9C9D57D42B7F550600228CC4 /* WatchCam */,
				9CC422C82BA01E19000DBC09 /* Notice */,
				9C9D57E82B809CF700228CC4 /* UserInfo */,
			);
			path = WatchMode;
			sourceTree = "<group>";
		};
		9C4C96C22BCBF0FC007B36B6 /* DetailCell */ = {
			isa = PBXGroup;
			children = (
				9C4C96C32BCBF121007B36B6 /* DetailCell.swift */,
				9C4C96C42BCBF121007B36B6 /* DetailCell.xib */,
				9C4C96C92BCBF674007B36B6 /* SettingCell */,
			);
			path = DetailCell;
			sourceTree = "<group>";
		};
		9C4C96C92BCBF674007B36B6 /* SettingCell */ = {
			isa = PBXGroup;
			children = (
				9C4C96C72BCBF474007B36B6 /* SettingDeviceVC.swift */,
				9C4C96CA2BCBF69B007B36B6 /* SettingDeviceCell.swift */,
				9C4C96CB2BCBF69B007B36B6 /* SettingDeviceCell.xib */,
			);
			path = SettingCell;
			sourceTree = "<group>";
		};
		9C67163F2BB1536100794A39 /* WatchTableCell */ = {
			isa = PBXGroup;
			children = (
				9C9D57E22B80924B00228CC4 /* WatchTableCell.swift */,
				9C9D57E32B80924B00228CC4 /* WatchTableCell.xib */,
				9C4C96B42BCB9C92007B36B6 /* AddCamCell.swift */,
				9C4C96B52BCB9C92007B36B6 /* AddCamCell.xib */,
			);
			name = WatchTableCell;
			sourceTree = "<group>";
		};
		9C9D57D42B7F550600228CC4 /* WatchCam */ = {
			isa = PBXGroup;
			children = (
				9C9D57DD2B7F591000228CC4 /* WatchCamPlayer */,
				9C9D57D22B7F542F00228CC4 /* WatchCamListVC.swift */,
				9CAF52842B8E131F0087D940 /* WatchCamListModel.swift */,
				9CCA80A22B9186F9000E3312 /* WatchCamListSettingVC.swift */,
				9CCA80A42B91E54E000E3312 /* WatchCamListSettingModel.swift */,
				9C67163F2BB1536100794A39 /* WatchTableCell */,
			);
			name = WatchCam;
			sourceTree = "<group>";
		};
		9C9D57DD2B7F591000228CC4 /* WatchCamPlayer */ = {
			isa = PBXGroup;
			children = (
				9C9D57DE2B7F595A00228CC4 /* CamPlayerVC.swift */,
				9C9D57E02B805E0700228CC4 /* PlayerModel.swift */,
			);
			name = WatchCamPlayer;
			sourceTree = "<group>";
		};
		9C9D57E82B809CF700228CC4 /* UserInfo */ = {
			isa = PBXGroup;
			children = (
				9C9D57E92B809D2C00228CC4 /* UserInfoVC.swift */,
				9C01FC682BA9AB3C00BA6062 /* UserInfoModel.swift */,
				9C05DC582BD2015200B01E67 /* DetailUserInfoVC.swift */,
				9C4C96C22BCBF0FC007B36B6 /* DetailCell */,
			);
			name = UserInfo;
			sourceTree = "<group>";
		};
		9CBDB3942B8C429D005EA5EA /* MainModel */ = {
			isa = PBXGroup;
			children = (
				9C9D57E62B8098D200228CC4 /* FirebaseModel.swift */,
				9CE06A6F2B85B7B700DBF073 /* MoveViewControllerModel.swift */,
				9C5275B22B8703D300B885A9 /* URLModel.swift */,
			);
			path = MainModel;
			sourceTree = "<group>";
		};
		9CC422C82BA01E19000DBC09 /* Notice */ = {
			isa = PBXGroup;
			children = (
				9CC422C92BA01E64000DBC09 /* NoticeVC.swift */,
				9CC422D12BA02240000DBC09 /* NoticeModel.swift */,
				9CC422CD2BA01F13000DBC09 /* NoticeCell.swift */,
				9CC422D32BA04A5E000DBC09 /* NoticeInfoVC.swift */,
				9CAB4CA62C08716C00CD02CF /* NoticeCell.xib */,
			);
			name = Notice;
			sourceTree = "<group>";
		};
		9CF840862BE8E16800FE61BD /* WebRTC */ = {
			isa = PBXGroup;
			children = (
				9CF840872BE8E18900FE61BD /* WebRTCClient.swift */,
				9CF8408C2BE8E21200FE61BD /* SignalingClient.swift */,
				9CF8408E2BE8E22D00FE61BD /* Message.swift */,
			);
			path = WebRTC;
			sourceTree = "<group>";
		};
/* End PBXGroup section */

/* Begin PBXNativeTarget section */
		9C1B14A82B7EFDD500BA9E64 /* AtThisMoment */ = {
			isa = PBXNativeTarget;
			buildConfigurationList = 9C1B14D62B7EFDD600BA9E64 /* Build configuration list for PBXNativeTarget "AtThisMoment" */;
			buildPhases = (
				9C1B14A52B7EFDD500BA9E64 /* Sources */,
				9C1B14A62B7EFDD500BA9E64 /* Frameworks */,
				9C1B14A72B7EFDD500BA9E64 /* Resources */,
				9CD8687F2BBAB53300FD1E67 /* Embed Frameworks */,
			);
			buildRules = (
			);
			dependencies = (
			);
			name = AtThisMoment;
			packageProductDependencies = (
				9C1B14E02B7EFE6E00BA9E64 /* FirebaseDatabase */,
				9C1B14E22B7EFE6E00BA9E64 /* FirebaseStorage */,
				9C1B14E72B7F09EA00BA9E64 /* GoogleSignIn */,
				9C1B14EE2B7F12F700BA9E64 /* FirebaseAuth */,
				9C4B5AAD2BBD5CFF00AA4FCA /* Lottie */,
				9C73CC022BE36375008399A2 /* Starscream */,
				9CF8408A2BE8E1CC00FE61BD /* WebRTC */,
			);
			productName = PetCam;
			productReference = 9C1B14A92B7EFDD500BA9E64 /* AtThisMoment.app */;
			productType = "com.apple.product-type.application";
		};
		9C1B14C12B7EFDD600BA9E64 /* AtThisMomentTests */ = {
			isa = PBXNativeTarget;
			buildConfigurationList = 9C1B14D92B7EFDD600BA9E64 /* Build configuration list for PBXNativeTarget "AtThisMomentTests" */;
			buildPhases = (
				9C1B14BE2B7EFDD600BA9E64 /* Sources */,
				9C1B14BF2B7EFDD600BA9E64 /* Frameworks */,
				9C1B14C02B7EFDD600BA9E64 /* Resources */,
			);
			buildRules = (
			);
			dependencies = (
				9C1B14C42B7EFDD600BA9E64 /* PBXTargetDependency */,
			);
			name = AtThisMomentTests;
			productName = PetCamTests;
			productReference = 9C1B14C22B7EFDD600BA9E64 /* AtThisMomentTests.xctest */;
			productType = "com.apple.product-type.bundle.unit-test";
		};
		9C1B14CB2B7EFDD600BA9E64 /* AtThisMomentUITests */ = {
			isa = PBXNativeTarget;
			buildConfigurationList = 9C1B14DC2B7EFDD600BA9E64 /* Build configuration list for PBXNativeTarget "AtThisMomentUITests" */;
			buildPhases = (
				9C1B14C82B7EFDD600BA9E64 /* Sources */,
				9C1B14C92B7EFDD600BA9E64 /* Frameworks */,
				9C1B14CA2B7EFDD600BA9E64 /* Resources */,
			);
			buildRules = (
			);
			dependencies = (
				9C1B14CE2B7EFDD600BA9E64 /* PBXTargetDependency */,
			);
			name = AtThisMomentUITests;
			productName = PetCamUITests;
			productReference = 9C1B14CC2B7EFDD600BA9E64 /* AtThisMomentUITests.xctest */;
			productType = "com.apple.product-type.bundle.ui-testing";
		};
/* End PBXNativeTarget section */

/* Begin PBXProject section */
		9C1B14A12B7EFDD500BA9E64 /* Project object */ = {
			isa = PBXProject;
			attributes = {
				BuildIndependentTargetsInParallel = 1;
				LastSwiftUpdateCheck = 1520;
				LastUpgradeCheck = 1520;
				TargetAttributes = {
					9C1B14A82B7EFDD500BA9E64 = {
						CreatedOnToolsVersion = 15.2;
					};
					9C1B14C12B7EFDD600BA9E64 = {
						CreatedOnToolsVersion = 15.2;
						TestTargetID = 9C1B14A82B7EFDD500BA9E64;
					};
					9C1B14CB2B7EFDD600BA9E64 = {
						CreatedOnToolsVersion = 15.2;
						TestTargetID = 9C1B14A82B7EFDD500BA9E64;
					};
				};
			};
			buildConfigurationList = 9C1B14A42B7EFDD500BA9E64 /* Build configuration list for PBXProject "AtThisMoment" */;
			compatibilityVersion = "Xcode 14.0";
			developmentRegion = ko;
			hasScannedForEncodings = 0;
			knownRegions = (
				en,
				Base,
				ko,
			);
			mainGroup = 9C1B14A02B7EFDD500BA9E64;
			packageReferences = (
				9C1B14DF2B7EFE6E00BA9E64 /* XCRemoteSwiftPackageReference "firebase-ios-sdk" */,
				9C1B14E62B7F09EA00BA9E64 /* XCRemoteSwiftPackageReference "GoogleSignIn-iOS" */,
				9C4B5AAC2BBD5CFF00AA4FCA /* XCRemoteSwiftPackageReference "lottie-ios" */,
				9C73CC012BE36375008399A2 /* XCRemoteSwiftPackageReference "Starscream" */,
				9CF840892BE8E1CC00FE61BD /* XCRemoteSwiftPackageReference "WebRTC" */,
			);
			productRefGroup = 9C1B14AA2B7EFDD500BA9E64 /* Products */;
			projectDirPath = "";
			projectRoot = "";
			targets = (
				9C1B14A82B7EFDD500BA9E64 /* AtThisMoment */,
				9C1B14C12B7EFDD600BA9E64 /* AtThisMomentTests */,
				9C1B14CB2B7EFDD600BA9E64 /* AtThisMomentUITests */,
			);
		};
/* End PBXProject section */

/* Begin PBXResourcesBuildPhase section */
		9C1B14A72B7EFDD500BA9E64 /* Resources */ = {
			isa = PBXResourcesBuildPhase;
			buildActionMask = 2147483647;
			files = (
				9C4C96CC2BCBF69B007B36B6 /* SettingDeviceCell.xib in Resources */,
				9CAB4CA32C086D2C00CD02CF /* GoogleService-Info.plist in Resources */,
				9C3ACFB72C086661002F2025 /* Main.storyboard in Resources */,
				9CAB4CA12C086D2200CD02CF /* loading.json in Resources */,
				9CAB4CA72C08716C00CD02CF /* NoticeCell.xib in Resources */,
				9C4C96B62BCB9C92007B36B6 /* AddCamCell.xib in Resources */,
				9C9D57E52B80924B00228CC4 /* WatchTableCell.xib in Resources */,
				9CAB4C9F2C086D1E00CD02CF /* AuthKey_N39KX78XLM.p8 in Resources */,
				9CC8C2BA2BD7D419002D474B /* LaunchScreen.storyboard in Resources */,
				9C1B14B92B7EFDD600BA9E64 /* Assets.xcassets in Resources */,
				9C4C96C52BCBF121007B36B6 /* DetailCell.xib in Resources */,
				9CAB4CA52C08701200CD02CF /* CamMode.storyboard in Resources */,
			);
			runOnlyForDeploymentPostprocessing = 0;
		};
		9C1B14C02B7EFDD600BA9E64 /* Resources */ = {
			isa = PBXResourcesBuildPhase;
			buildActionMask = 2147483647;
			files = (
			);
			runOnlyForDeploymentPostprocessing = 0;
		};
		9C1B14CA2B7EFDD600BA9E64 /* Resources */ = {
			isa = PBXResourcesBuildPhase;
			buildActionMask = 2147483647;
			files = (
			);
			runOnlyForDeploymentPostprocessing = 0;
		};
/* End PBXResourcesBuildPhase section */

/* Begin PBXSourcesBuildPhase section */
		9C1B14A52B7EFDD500BA9E64 /* Sources */ = {
			isa = PBXSourcesBuildPhase;
			buildActionMask = 2147483647;
			files = (
				9CF8408D2BE8E21200FE61BD /* SignalingClient.swift in Sources */,
				9C4C96CD2BCBF69B007B36B6 /* SettingDeviceCell.swift in Sources */,
				9C9D57E72B8098D200228CC4 /* FirebaseModel.swift in Sources */,
				9CBDB39A2B8C7A1D005EA5EA /* StreamingVCModel.swift in Sources */,
				9C4C96C82BCBF474007B36B6 /* SettingDeviceVC.swift in Sources */,
				9C9D57EA2B809D2C00228CC4 /* UserInfoVC.swift in Sources */,
				9CCA80A32B9186F9000E3312 /* WatchCamListSettingVC.swift in Sources */,
				9CCA80A52B91E54E000E3312 /* WatchCamListSettingModel.swift in Sources */,
				9CF840882BE8E18900FE61BD /* WebRTCClient.swift in Sources */,
				9C1B14B12B7EFDD500BA9E64 /* SignInVC.swift in Sources */,
				9C9D57E12B805E0700228CC4 /* PlayerModel.swift in Sources */,
				9C01FC692BA9AB3C00BA6062 /* UserInfoModel.swift in Sources */,
				9C1B14B72B7EFDD500BA9E64 /* PetCam.xcdatamodeld in Sources */,
				9C8E296B2B8842F4000A113D /* NavigationController.swift in Sources */,
				9C1B14AD2B7EFDD500BA9E64 /* AppDelegate.swift in Sources */,
				9CC422C52B9DC8BF000DBC09 /* StreamingInfo.swift in Sources */,
				9CC422D22BA02240000DBC09 /* NoticeModel.swift in Sources */,
				9CAF52852B8E131F0087D940 /* WatchCamListModel.swift in Sources */,
				9C4C96B72BCB9C92007B36B6 /* AddCamCell.swift in Sources */,
				9C5275B32B8703D300B885A9 /* URLModel.swift in Sources */,
				9CF8408F2BE8E22D00FE61BD /* Message.swift in Sources */,
				9CC422CF2BA01F13000DBC09 /* NoticeCell.swift in Sources */,
				9C05DC592BD2015200B01E67 /* DetailUserInfoVC.swift in Sources */,
				9CC422D42BA04A5E000DBC09 /* NoticeInfoVC.swift in Sources */,
				9C9D57E42B80924B00228CC4 /* WatchTableCell.swift in Sources */,
				9C4C96C62BCBF121007B36B6 /* DetailCell.swift in Sources */,
				9C1B14AF2B7EFDD500BA9E64 /* SceneDelegate.swift in Sources */,
				9CC422CA2BA01E64000DBC09 /* NoticeVC.swift in Sources */,
				9C9D57D32B7F542F00228CC4 /* WatchCamListVC.swift in Sources */,
				9C9D57D12B7F537600228CC4 /* WatchTabbar.swift in Sources */,
				9C9D57CC2B7F1CFE00228CC4 /* SelectModeVC.swift in Sources */,
				9CE06A702B85B7B700DBF073 /* MoveViewControllerModel.swift in Sources */,
				9C9D57DF2B7F595A00228CC4 /* CamPlayerVC.swift in Sources */,
				9C9D57F12B8358BB00228CC4 /* StreamingVC.swift in Sources */,
			);
			runOnlyForDeploymentPostprocessing = 0;
		};
		9C1B14BE2B7EFDD600BA9E64 /* Sources */ = {
			isa = PBXSourcesBuildPhase;
			buildActionMask = 2147483647;
			files = (
				9C1B14C72B7EFDD600BA9E64 /* PetCamTests.swift in Sources */,
			);
			runOnlyForDeploymentPostprocessing = 0;
		};
		9C1B14C82B7EFDD600BA9E64 /* Sources */ = {
			isa = PBXSourcesBuildPhase;
			buildActionMask = 2147483647;
			files = (
				9C1B14D32B7EFDD600BA9E64 /* PetCamUITestsLaunchTests.swift in Sources */,
				9C1B14D12B7EFDD600BA9E64 /* PetCamUITests.swift in Sources */,
			);
			runOnlyForDeploymentPostprocessing = 0;
		};
/* End PBXSourcesBuildPhase section */

/* Begin PBXTargetDependency section */
		9C1B14C42B7EFDD600BA9E64 /* PBXTargetDependency */ = {
			isa = PBXTargetDependency;
			target = 9C1B14A82B7EFDD500BA9E64 /* AtThisMoment */;
			targetProxy = 9C1B14C32B7EFDD600BA9E64 /* PBXContainerItemProxy */;
		};
		9C1B14CE2B7EFDD600BA9E64 /* PBXTargetDependency */ = {
			isa = PBXTargetDependency;
			target = 9C1B14A82B7EFDD500BA9E64 /* AtThisMoment */;
			targetProxy = 9C1B14CD2B7EFDD600BA9E64 /* PBXContainerItemProxy */;
		};
/* End PBXTargetDependency section */

/* Begin XCBuildConfiguration section */
		9C1B14D42B7EFDD600BA9E64 /* Debug */ = {
			isa = XCBuildConfiguration;
			buildSettings = {
				ALWAYS_SEARCH_USER_PATHS = NO;
				ASSETCATALOG_COMPILER_GENERATE_SWIFT_ASSET_SYMBOL_EXTENSIONS = YES;
				CLANG_ANALYZER_NONNULL = YES;
				CLANG_ANALYZER_NUMBER_OBJECT_CONVERSION = YES_AGGRESSIVE;
				CLANG_CXX_LANGUAGE_STANDARD = "gnu++20";
				CLANG_ENABLE_MODULES = YES;
				CLANG_ENABLE_OBJC_ARC = YES;
				CLANG_ENABLE_OBJC_WEAK = YES;
				CLANG_WARN_BLOCK_CAPTURE_AUTORELEASING = YES;
				CLANG_WARN_BOOL_CONVERSION = YES;
				CLANG_WARN_COMMA = YES;
				CLANG_WARN_CONSTANT_CONVERSION = YES;
				CLANG_WARN_DEPRECATED_OBJC_IMPLEMENTATIONS = YES;
				CLANG_WARN_DIRECT_OBJC_ISA_USAGE = YES_ERROR;
				CLANG_WARN_DOCUMENTATION_COMMENTS = YES;
				CLANG_WARN_EMPTY_BODY = YES;
				CLANG_WARN_ENUM_CONVERSION = YES;
				CLANG_WARN_INFINITE_RECURSION = YES;
				CLANG_WARN_INT_CONVERSION = YES;
				CLANG_WARN_NON_LITERAL_NULL_CONVERSION = YES;
				CLANG_WARN_OBJC_IMPLICIT_RETAIN_SELF = YES;
				CLANG_WARN_OBJC_LITERAL_CONVERSION = YES;
				CLANG_WARN_OBJC_ROOT_CLASS = YES_ERROR;
				CLANG_WARN_QUOTED_INCLUDE_IN_FRAMEWORK_HEADER = YES;
				CLANG_WARN_RANGE_LOOP_ANALYSIS = YES;
				CLANG_WARN_STRICT_PROTOTYPES = YES;
				CLANG_WARN_SUSPICIOUS_MOVE = YES;
				CLANG_WARN_UNGUARDED_AVAILABILITY = YES_AGGRESSIVE;
				CLANG_WARN_UNREACHABLE_CODE = YES;
				CLANG_WARN__DUPLICATE_METHOD_MATCH = YES;
				COPY_PHASE_STRIP = NO;
				DEBUG_INFORMATION_FORMAT = dwarf;
				ENABLE_STRICT_OBJC_MSGSEND = YES;
				ENABLE_TESTABILITY = YES;
				ENABLE_USER_SCRIPT_SANDBOXING = NO;
				GCC_C_LANGUAGE_STANDARD = gnu17;
				GCC_DYNAMIC_NO_PIC = NO;
				GCC_NO_COMMON_BLOCKS = YES;
				GCC_OPTIMIZATION_LEVEL = 0;
				GCC_PREPROCESSOR_DEFINITIONS = (
					"DEBUG=1",
					"$(inherited)",
				);
				GCC_WARN_64_TO_32_BIT_CONVERSION = YES;
				GCC_WARN_ABOUT_RETURN_TYPE = YES_ERROR;
				GCC_WARN_UNDECLARED_SELECTOR = YES;
				GCC_WARN_UNINITIALIZED_AUTOS = YES_AGGRESSIVE;
				GCC_WARN_UNUSED_FUNCTION = YES;
				GCC_WARN_UNUSED_VARIABLE = YES;
				IPHONEOS_DEPLOYMENT_TARGET = 13.0;
				LOCALIZATION_PREFERS_STRING_CATALOGS = YES;
				MTL_ENABLE_DEBUG_INFO = INCLUDE_SOURCE;
				MTL_FAST_MATH = YES;
				ONLY_ACTIVE_ARCH = YES;
				SDKROOT = iphoneos;
				SWIFT_ACTIVE_COMPILATION_CONDITIONS = "DEBUG $(inherited)";
				SWIFT_OPTIMIZATION_LEVEL = "-Onone";
			};
			name = Debug;
		};
		9C1B14D52B7EFDD600BA9E64 /* Release */ = {
			isa = XCBuildConfiguration;
			buildSettings = {
				ALWAYS_SEARCH_USER_PATHS = NO;
				ASSETCATALOG_COMPILER_GENERATE_SWIFT_ASSET_SYMBOL_EXTENSIONS = YES;
				CLANG_ANALYZER_NONNULL = YES;
				CLANG_ANALYZER_NUMBER_OBJECT_CONVERSION = YES_AGGRESSIVE;
				CLANG_CXX_LANGUAGE_STANDARD = "gnu++20";
				CLANG_ENABLE_MODULES = YES;
				CLANG_ENABLE_OBJC_ARC = YES;
				CLANG_ENABLE_OBJC_WEAK = YES;
				CLANG_WARN_BLOCK_CAPTURE_AUTORELEASING = YES;
				CLANG_WARN_BOOL_CONVERSION = YES;
				CLANG_WARN_COMMA = YES;
				CLANG_WARN_CONSTANT_CONVERSION = YES;
				CLANG_WARN_DEPRECATED_OBJC_IMPLEMENTATIONS = YES;
				CLANG_WARN_DIRECT_OBJC_ISA_USAGE = YES_ERROR;
				CLANG_WARN_DOCUMENTATION_COMMENTS = YES;
				CLANG_WARN_EMPTY_BODY = YES;
				CLANG_WARN_ENUM_CONVERSION = YES;
				CLANG_WARN_INFINITE_RECURSION = YES;
				CLANG_WARN_INT_CONVERSION = YES;
				CLANG_WARN_NON_LITERAL_NULL_CONVERSION = YES;
				CLANG_WARN_OBJC_IMPLICIT_RETAIN_SELF = YES;
				CLANG_WARN_OBJC_LITERAL_CONVERSION = YES;
				CLANG_WARN_OBJC_ROOT_CLASS = YES_ERROR;
				CLANG_WARN_QUOTED_INCLUDE_IN_FRAMEWORK_HEADER = YES;
				CLANG_WARN_RANGE_LOOP_ANALYSIS = YES;
				CLANG_WARN_STRICT_PROTOTYPES = YES;
				CLANG_WARN_SUSPICIOUS_MOVE = YES;
				CLANG_WARN_UNGUARDED_AVAILABILITY = YES_AGGRESSIVE;
				CLANG_WARN_UNREACHABLE_CODE = YES;
				CLANG_WARN__DUPLICATE_METHOD_MATCH = YES;
				COPY_PHASE_STRIP = NO;
				DEBUG_INFORMATION_FORMAT = "dwarf-with-dsym";
				ENABLE_NS_ASSERTIONS = NO;
				ENABLE_STRICT_OBJC_MSGSEND = YES;
				ENABLE_USER_SCRIPT_SANDBOXING = NO;
				GCC_C_LANGUAGE_STANDARD = gnu17;
				GCC_NO_COMMON_BLOCKS = YES;
				GCC_WARN_64_TO_32_BIT_CONVERSION = YES;
				GCC_WARN_ABOUT_RETURN_TYPE = YES_ERROR;
				GCC_WARN_UNDECLARED_SELECTOR = YES;
				GCC_WARN_UNINITIALIZED_AUTOS = YES_AGGRESSIVE;
				GCC_WARN_UNUSED_FUNCTION = YES;
				GCC_WARN_UNUSED_VARIABLE = YES;
				IPHONEOS_DEPLOYMENT_TARGET = 13.0;
				LOCALIZATION_PREFERS_STRING_CATALOGS = YES;
				MTL_ENABLE_DEBUG_INFO = NO;
				MTL_FAST_MATH = YES;
				SDKROOT = iphoneos;
				SWIFT_COMPILATION_MODE = wholemodule;
				VALIDATE_PRODUCT = YES;
			};
			name = Release;
		};
		9C1B14D72B7EFDD600BA9E64 /* Debug */ = {
			isa = XCBuildConfiguration;
			buildSettings = {
				ASSETCATALOG_COMPILER_APPICON_NAME = AppIcon;
				ASSETCATALOG_COMPILER_GLOBAL_ACCENT_COLOR_NAME = AccentColor;
				CODE_SIGN_ENTITLEMENTS = PetCam/PetCam.entitlements;
				CODE_SIGN_STYLE = Automatic;
				CURRENT_PROJECT_VERSION = 1;
				DEVELOPMENT_TEAM = YB2CT6C8VD;
				ENABLE_USER_SCRIPT_SANDBOXING = NO;
				GENERATE_INFOPLIST_FILE = YES;
				INFOPLIST_FILE = PetCam/Info.plist;
				INFOPLIST_KEY_CFBundleDisplayName = "지금 이 순간";
				INFOPLIST_KEY_NSCameraUsageDescription = "실시간 영상 송출을 위해 카메라 권한이 필요합니다.";
				INFOPLIST_KEY_NSMicrophoneUsageDescription = "실시간 영상 송출을 위해 마이크 권한이 필요합니다.";
				INFOPLIST_KEY_UIApplicationSupportsIndirectInputEvents = YES;
				INFOPLIST_KEY_UILaunchStoryboardName = LaunchScreen.storyboard;
				INFOPLIST_KEY_UIMainStoryboardFile = Main;
				INFOPLIST_KEY_UISupportedInterfaceOrientations_iPad = "UIInterfaceOrientationPortrait UIInterfaceOrientationPortraitUpsideDown UIInterfaceOrientationLandscapeLeft UIInterfaceOrientationLandscapeRight";
				INFOPLIST_KEY_UISupportedInterfaceOrientations_iPhone = "UIInterfaceOrientationPortrait UIInterfaceOrientationLandscapeLeft UIInterfaceOrientationLandscapeRight";
				IPHONEOS_DEPLOYMENT_TARGET = 13.0;
				LD_RUNPATH_SEARCH_PATHS = (
					"$(inherited)",
					"@executable_path/Frameworks",
				);
				MARKETING_VERSION = 1.0;
				PRODUCT_BUNDLE_IDENTIFIER = yys.PetCam;
				PRODUCT_NAME = "$(TARGET_NAME)";
				SUPPORTED_PLATFORMS = "iphoneos iphonesimulator";
				SUPPORTS_MACCATALYST = NO;
				SUPPORTS_XR_DESIGNED_FOR_IPHONE_IPAD = NO;
				SWIFT_EMIT_LOC_STRINGS = YES;
				SWIFT_VERSION = 5.0;
				TARGETED_DEVICE_FAMILY = 1;
			};
			name = Debug;
		};
		9C1B14D82B7EFDD600BA9E64 /* Release */ = {
			isa = XCBuildConfiguration;
			buildSettings = {
				ASSETCATALOG_COMPILER_APPICON_NAME = AppIcon;
				ASSETCATALOG_COMPILER_GLOBAL_ACCENT_COLOR_NAME = AccentColor;
				CODE_SIGN_ENTITLEMENTS = PetCam/PetCam.entitlements;
				CODE_SIGN_STYLE = Automatic;
				CURRENT_PROJECT_VERSION = 1;
				DEVELOPMENT_TEAM = YB2CT6C8VD;
				ENABLE_USER_SCRIPT_SANDBOXING = NO;
				GENERATE_INFOPLIST_FILE = YES;
				INFOPLIST_FILE = PetCam/Info.plist;
				INFOPLIST_KEY_CFBundleDisplayName = "지금 이 순간";
				INFOPLIST_KEY_NSCameraUsageDescription = "실시간 영상 송출을 위해 카메라 권한이 필요합니다.";
				INFOPLIST_KEY_NSMicrophoneUsageDescription = "실시간 영상 송출을 위해 마이크 권한이 필요합니다.";
				INFOPLIST_KEY_UIApplicationSupportsIndirectInputEvents = YES;
				INFOPLIST_KEY_UILaunchStoryboardName = LaunchScreen.storyboard;
				INFOPLIST_KEY_UIMainStoryboardFile = Main;
				INFOPLIST_KEY_UISupportedInterfaceOrientations_iPad = "UIInterfaceOrientationPortrait UIInterfaceOrientationPortraitUpsideDown UIInterfaceOrientationLandscapeLeft UIInterfaceOrientationLandscapeRight";
				INFOPLIST_KEY_UISupportedInterfaceOrientations_iPhone = "UIInterfaceOrientationPortrait UIInterfaceOrientationLandscapeLeft UIInterfaceOrientationLandscapeRight";
				IPHONEOS_DEPLOYMENT_TARGET = 13.0;
				LD_RUNPATH_SEARCH_PATHS = (
					"$(inherited)",
					"@executable_path/Frameworks",
				);
				MARKETING_VERSION = 1.0;
				PRODUCT_BUNDLE_IDENTIFIER = yys.PetCam;
				PRODUCT_NAME = "$(TARGET_NAME)";
				SUPPORTED_PLATFORMS = "iphoneos iphonesimulator";
				SUPPORTS_MACCATALYST = NO;
				SUPPORTS_XR_DESIGNED_FOR_IPHONE_IPAD = NO;
				SWIFT_EMIT_LOC_STRINGS = YES;
				SWIFT_VERSION = 5.0;
				TARGETED_DEVICE_FAMILY = 1;
			};
			name = Release;
		};
		9C1B14DA2B7EFDD600BA9E64 /* Debug */ = {
			isa = XCBuildConfiguration;
			buildSettings = {
				ALWAYS_EMBED_SWIFT_STANDARD_LIBRARIES = YES;
				BUNDLE_LOADER = "$(TEST_HOST)";
				CODE_SIGN_STYLE = Automatic;
				CURRENT_PROJECT_VERSION = 1;
				DEVELOPMENT_TEAM = YB2CT6C8VD;
				GENERATE_INFOPLIST_FILE = YES;
				IPHONEOS_DEPLOYMENT_TARGET = 17.2;
				MARKETING_VERSION = 1.0;
				PRODUCT_BUNDLE_IDENTIFIER = yys.PetCamTests;
				PRODUCT_NAME = "$(TARGET_NAME)";
				SWIFT_EMIT_LOC_STRINGS = NO;
				SWIFT_VERSION = 5.0;
				TARGETED_DEVICE_FAMILY = "1,2";
				TEST_HOST = "$(BUILT_PRODUCTS_DIR)/AtThisMoment.app/$(BUNDLE_EXECUTABLE_FOLDER_PATH)/AtThisMoment";
			};
			name = Debug;
		};
		9C1B14DB2B7EFDD600BA9E64 /* Release */ = {
			isa = XCBuildConfiguration;
			buildSettings = {
				ALWAYS_EMBED_SWIFT_STANDARD_LIBRARIES = YES;
				BUNDLE_LOADER = "$(TEST_HOST)";
				CODE_SIGN_STYLE = Automatic;
				CURRENT_PROJECT_VERSION = 1;
				DEVELOPMENT_TEAM = YB2CT6C8VD;
				GENERATE_INFOPLIST_FILE = YES;
				IPHONEOS_DEPLOYMENT_TARGET = 17.2;
				MARKETING_VERSION = 1.0;
				PRODUCT_BUNDLE_IDENTIFIER = yys.PetCamTests;
				PRODUCT_NAME = "$(TARGET_NAME)";
				SWIFT_EMIT_LOC_STRINGS = NO;
				SWIFT_VERSION = 5.0;
				TARGETED_DEVICE_FAMILY = "1,2";
				TEST_HOST = "$(BUILT_PRODUCTS_DIR)/AtThisMoment.app/$(BUNDLE_EXECUTABLE_FOLDER_PATH)/AtThisMoment";
			};
			name = Release;
		};
		9C1B14DD2B7EFDD600BA9E64 /* Debug */ = {
			isa = XCBuildConfiguration;
			buildSettings = {
				ALWAYS_EMBED_SWIFT_STANDARD_LIBRARIES = YES;
				CODE_SIGN_STYLE = Automatic;
				CURRENT_PROJECT_VERSION = 1;
				DEVELOPMENT_TEAM = YB2CT6C8VD;
				GENERATE_INFOPLIST_FILE = YES;
				MARKETING_VERSION = 1.0;
				PRODUCT_BUNDLE_IDENTIFIER = yys.PetCamUITests;
				PRODUCT_NAME = "$(TARGET_NAME)";
				SWIFT_EMIT_LOC_STRINGS = NO;
				SWIFT_VERSION = 5.0;
				TARGETED_DEVICE_FAMILY = "1,2";
				TEST_TARGET_NAME = PetCam;
			};
			name = Debug;
		};
		9C1B14DE2B7EFDD600BA9E64 /* Release */ = {
			isa = XCBuildConfiguration;
			buildSettings = {
				ALWAYS_EMBED_SWIFT_STANDARD_LIBRARIES = YES;
				CODE_SIGN_STYLE = Automatic;
				CURRENT_PROJECT_VERSION = 1;
				DEVELOPMENT_TEAM = YB2CT6C8VD;
				GENERATE_INFOPLIST_FILE = YES;
				MARKETING_VERSION = 1.0;
				PRODUCT_BUNDLE_IDENTIFIER = yys.PetCamUITests;
				PRODUCT_NAME = "$(TARGET_NAME)";
				SWIFT_EMIT_LOC_STRINGS = NO;
				SWIFT_VERSION = 5.0;
				TARGETED_DEVICE_FAMILY = "1,2";
				TEST_TARGET_NAME = PetCam;
			};
			name = Release;
		};
/* End XCBuildConfiguration section */

/* Begin XCConfigurationList section */
		9C1B14A42B7EFDD500BA9E64 /* Build configuration list for PBXProject "AtThisMoment" */ = {
			isa = XCConfigurationList;
			buildConfigurations = (
				9C1B14D42B7EFDD600BA9E64 /* Debug */,
				9C1B14D52B7EFDD600BA9E64 /* Release */,
			);
			defaultConfigurationIsVisible = 0;
			defaultConfigurationName = Release;
		};
		9C1B14D62B7EFDD600BA9E64 /* Build configuration list for PBXNativeTarget "AtThisMoment" */ = {
			isa = XCConfigurationList;
			buildConfigurations = (
				9C1B14D72B7EFDD600BA9E64 /* Debug */,
				9C1B14D82B7EFDD600BA9E64 /* Release */,
			);
			defaultConfigurationIsVisible = 0;
			defaultConfigurationName = Release;
		};
		9C1B14D92B7EFDD600BA9E64 /* Build configuration list for PBXNativeTarget "AtThisMomentTests" */ = {
			isa = XCConfigurationList;
			buildConfigurations = (
				9C1B14DA2B7EFDD600BA9E64 /* Debug */,
				9C1B14DB2B7EFDD600BA9E64 /* Release */,
			);
			defaultConfigurationIsVisible = 0;
			defaultConfigurationName = Release;
		};
		9C1B14DC2B7EFDD600BA9E64 /* Build configuration list for PBXNativeTarget "AtThisMomentUITests" */ = {
			isa = XCConfigurationList;
			buildConfigurations = (
				9C1B14DD2B7EFDD600BA9E64 /* Debug */,
				9C1B14DE2B7EFDD600BA9E64 /* Release */,
			);
			defaultConfigurationIsVisible = 0;
			defaultConfigurationName = Release;
		};
/* End XCConfigurationList section */

/* Begin XCRemoteSwiftPackageReference section */
		9C1B14DF2B7EFE6E00BA9E64 /* XCRemoteSwiftPackageReference "firebase-ios-sdk" */ = {
			isa = XCRemoteSwiftPackageReference;
			repositoryURL = "https://github.com/firebase/firebase-ios-sdk";
			requirement = {
				kind = upToNextMajorVersion;
				minimumVersion = 10.21.0;
			};
		};
		9C1B14E62B7F09EA00BA9E64 /* XCRemoteSwiftPackageReference "GoogleSignIn-iOS" */ = {
			isa = XCRemoteSwiftPackageReference;
			repositoryURL = "https://github.com/google/GoogleSignIn-iOS";
			requirement = {
				kind = upToNextMajorVersion;
				minimumVersion = 7.0.0;
			};
		};
		9C4B5AAC2BBD5CFF00AA4FCA /* XCRemoteSwiftPackageReference "lottie-ios" */ = {
			isa = XCRemoteSwiftPackageReference;
			repositoryURL = "https://github.com/airbnb/lottie-ios.git";
			requirement = {
				kind = upToNextMajorVersion;
				minimumVersion = 4.4.1;
			};
		};
		9C73CC012BE36375008399A2 /* XCRemoteSwiftPackageReference "Starscream" */ = {
			isa = XCRemoteSwiftPackageReference;
			repositoryURL = "https://github.com/daltoniam/Starscream";
			requirement = {
				kind = upToNextMajorVersion;
				minimumVersion = 4.0.8;
			};
		};
		9CF840892BE8E1CC00FE61BD /* XCRemoteSwiftPackageReference "WebRTC" */ = {
			isa = XCRemoteSwiftPackageReference;
			repositoryURL = "https://github.com/stasel/WebRTC";
			requirement = {
				kind = upToNextMajorVersion;
				minimumVersion = 124.0.0;
			};
		};
/* End XCRemoteSwiftPackageReference section */

/* Begin XCSwiftPackageProductDependency section */
		9C1B14E02B7EFE6E00BA9E64 /* FirebaseDatabase */ = {
			isa = XCSwiftPackageProductDependency;
			package = 9C1B14DF2B7EFE6E00BA9E64 /* XCRemoteSwiftPackageReference "firebase-ios-sdk" */;
			productName = FirebaseDatabase;
		};
		9C1B14E22B7EFE6E00BA9E64 /* FirebaseStorage */ = {
			isa = XCSwiftPackageProductDependency;
			package = 9C1B14DF2B7EFE6E00BA9E64 /* XCRemoteSwiftPackageReference "firebase-ios-sdk" */;
			productName = FirebaseStorage;
		};
		9C1B14E72B7F09EA00BA9E64 /* GoogleSignIn */ = {
			isa = XCSwiftPackageProductDependency;
			package = 9C1B14E62B7F09EA00BA9E64 /* XCRemoteSwiftPackageReference "GoogleSignIn-iOS" */;
			productName = GoogleSignIn;
		};
		9C1B14EE2B7F12F700BA9E64 /* FirebaseAuth */ = {
			isa = XCSwiftPackageProductDependency;
			package = 9C1B14DF2B7EFE6E00BA9E64 /* XCRemoteSwiftPackageReference "firebase-ios-sdk" */;
			productName = FirebaseAuth;
		};
		9C4B5AAD2BBD5CFF00AA4FCA /* Lottie */ = {
			isa = XCSwiftPackageProductDependency;
			package = 9C4B5AAC2BBD5CFF00AA4FCA /* XCRemoteSwiftPackageReference "lottie-ios" */;
			productName = Lottie;
		};
		9C73CC022BE36375008399A2 /* Starscream */ = {
			isa = XCSwiftPackageProductDependency;
			package = 9C73CC012BE36375008399A2 /* XCRemoteSwiftPackageReference "Starscream" */;
			productName = Starscream;
		};
		9CF8408A2BE8E1CC00FE61BD /* WebRTC */ = {
			isa = XCSwiftPackageProductDependency;
			package = 9CF840892BE8E1CC00FE61BD /* XCRemoteSwiftPackageReference "WebRTC" */;
			productName = WebRTC;
		};
/* End XCSwiftPackageProductDependency section */

/* Begin XCVersionGroup section */
		9C1B14B52B7EFDD500BA9E64 /* PetCam.xcdatamodeld */ = {
			isa = XCVersionGroup;
			children = (
				9C1B14B62B7EFDD500BA9E64 /* PetCam.xcdatamodel */,
			);
			currentVersion = 9C1B14B62B7EFDD500BA9E64 /* PetCam.xcdatamodel */;
			path = PetCam.xcdatamodeld;
			sourceTree = "<group>";
			versionGroupType = wrapper.xcdatamodel;
		};
/* End XCVersionGroup section */
	};
	rootObject = 9C1B14A12B7EFDD500BA9E64 /* Project object */;
}
