// !$*UTF8*$!
{
	archiveVersion = 1;
	classes = {
	};
	objectVersion = 56;
	objects = {

/* Begin PBXBuildFile section */
		9C01FC692BA9AB3C00BA6062 /* UserInfoModel.swift in Sources */ = {isa = PBXBuildFile; fileRef = 9C01FC682BA9AB3C00BA6062 /* UserInfoModel.swift */; };
		9C1B14AD2B7EFDD500BA9E64 /* AppDelegate.swift in Sources */ = {isa = PBXBuildFile; fileRef = 9C1B14AC2B7EFDD500BA9E64 /* AppDelegate.swift */; };
		9C1B14AF2B7EFDD500BA9E64 /* SceneDelegate.swift in Sources */ = {isa = PBXBuildFile; fileRef = 9C1B14AE2B7EFDD500BA9E64 /* SceneDelegate.swift */; };
		9C1B14B12B7EFDD500BA9E64 /* SignInVC.swift in Sources */ = {isa = PBXBuildFile; fileRef = 9C1B14B02B7EFDD500BA9E64 /* SignInVC.swift */; };
		9C1B14B42B7EFDD500BA9E64 /* Main.storyboard in Resources */ = {isa = PBXBuildFile; fileRef = 9C1B14B22B7EFDD500BA9E64 /* Main.storyboard */; };
		9C1B14B72B7EFDD500BA9E64 /* PetCam.xcdatamodeld in Sources */ = {isa = PBXBuildFile; fileRef = 9C1B14B52B7EFDD500BA9E64 /* PetCam.xcdatamodeld */; };
		9C1B14B92B7EFDD600BA9E64 /* Assets.xcassets in Resources */ = {isa = PBXBuildFile; fileRef = 9C1B14B82B7EFDD600BA9E64 /* Assets.xcassets */; };
		9C1B14BC2B7EFDD600BA9E64 /* LaunchScreen.storyboard in Resources */ = {isa = PBXBuildFile; fileRef = 9C1B14BA2B7EFDD600BA9E64 /* LaunchScreen.storyboard */; };
		9C1B14C72B7EFDD600BA9E64 /* PetCamTests.swift in Sources */ = {isa = PBXBuildFile; fileRef = 9C1B14C62B7EFDD600BA9E64 /* PetCamTests.swift */; };
		9C1B14D12B7EFDD600BA9E64 /* PetCamUITests.swift in Sources */ = {isa = PBXBuildFile; fileRef = 9C1B14D02B7EFDD600BA9E64 /* PetCamUITests.swift */; };
		9C1B14D32B7EFDD600BA9E64 /* PetCamUITestsLaunchTests.swift in Sources */ = {isa = PBXBuildFile; fileRef = 9C1B14D22B7EFDD600BA9E64 /* PetCamUITestsLaunchTests.swift */; };
		9C1B14E12B7EFE6E00BA9E64 /* FirebaseDatabase in Frameworks */ = {isa = PBXBuildFile; productRef = 9C1B14E02B7EFE6E00BA9E64 /* FirebaseDatabase */; };
		9C1B14E32B7EFE6E00BA9E64 /* FirebaseStorage in Frameworks */ = {isa = PBXBuildFile; productRef = 9C1B14E22B7EFE6E00BA9E64 /* FirebaseStorage */; };
		9C1B14E82B7F09EA00BA9E64 /* GoogleSignIn in Frameworks */ = {isa = PBXBuildFile; productRef = 9C1B14E72B7F09EA00BA9E64 /* GoogleSignIn */; };
		9C1B14EC2B7F0C5400BA9E64 /* GoogleService-Info.plist in Resources */ = {isa = PBXBuildFile; fileRef = 9C1B14EB2B7F0C5400BA9E64 /* GoogleService-Info.plist */; };
		9C1B14EF2B7F12F700BA9E64 /* FirebaseAuth in Frameworks */ = {isa = PBXBuildFile; productRef = 9C1B14EE2B7F12F700BA9E64 /* FirebaseAuth */; };
		9C5275B32B8703D300B885A9 /* URLModel.swift in Sources */ = {isa = PBXBuildFile; fileRef = 9C5275B22B8703D300B885A9 /* URLModel.swift */; };
		9C8E296B2B8842F4000A113D /* NavigationController.swift in Sources */ = {isa = PBXBuildFile; fileRef = 9C8E296A2B8842F4000A113D /* NavigationController.swift */; };
		9C9D57CC2B7F1CFE00228CC4 /* SelectModeVC.swift in Sources */ = {isa = PBXBuildFile; fileRef = 9C9D57CA2B7F1CFE00228CC4 /* SelectModeVC.swift */; };
		9C9D57D12B7F537600228CC4 /* WatchTabbar.swift in Sources */ = {isa = PBXBuildFile; fileRef = 9C9D57D02B7F537600228CC4 /* WatchTabbar.swift */; };
		9C9D57D32B7F542F00228CC4 /* WatchCamListVC.swift in Sources */ = {isa = PBXBuildFile; fileRef = 9C9D57D22B7F542F00228CC4 /* WatchCamListVC.swift */; };
		9C9D57DF2B7F595A00228CC4 /* CamPlayerVC.swift in Sources */ = {isa = PBXBuildFile; fileRef = 9C9D57DE2B7F595A00228CC4 /* CamPlayerVC.swift */; };
		9C9D57E12B805E0700228CC4 /* PlayerModel.swift in Sources */ = {isa = PBXBuildFile; fileRef = 9C9D57E02B805E0700228CC4 /* PlayerModel.swift */; };
		9C9D57E42B80924B00228CC4 /* WatchTableCell.swift in Sources */ = {isa = PBXBuildFile; fileRef = 9C9D57E22B80924B00228CC4 /* WatchTableCell.swift */; };
		9C9D57E52B80924B00228CC4 /* WatchTableCell.xib in Resources */ = {isa = PBXBuildFile; fileRef = 9C9D57E32B80924B00228CC4 /* WatchTableCell.xib */; };
		9C9D57E72B8098D200228CC4 /* FirebaseModel.swift in Sources */ = {isa = PBXBuildFile; fileRef = 9C9D57E62B8098D200228CC4 /* FirebaseModel.swift */; };
		9C9D57EA2B809D2C00228CC4 /* UserInfoVC.swift in Sources */ = {isa = PBXBuildFile; fileRef = 9C9D57E92B809D2C00228CC4 /* UserInfoVC.swift */; };
		9C9D57EF2B83587200228CC4 /* CamMode.storyboard in Resources */ = {isa = PBXBuildFile; fileRef = 9C9D57EE2B83587200228CC4 /* CamMode.storyboard */; };
		9C9D57F12B8358BB00228CC4 /* StreamingVC.swift in Sources */ = {isa = PBXBuildFile; fileRef = 9C9D57F02B8358BB00228CC4 /* StreamingVC.swift */; };
		9CAF52852B8E131F0087D940 /* WatchCamListModel.swift in Sources */ = {isa = PBXBuildFile; fileRef = 9CAF52842B8E131F0087D940 /* WatchCamListModel.swift */; };
		9CBDB38B2B89C812005EA5EA /* LaunchScreen.swift in Sources */ = {isa = PBXBuildFile; fileRef = 9CBDB38A2B89C812005EA5EA /* LaunchScreen.swift */; };
		9CBDB3972B8C48C6005EA5EA /* LaunchScreenVC.swift in Sources */ = {isa = PBXBuildFile; fileRef = 9CBDB3952B8C48C6005EA5EA /* LaunchScreenVC.swift */; };
		9CBDB3982B8C48C6005EA5EA /* LaunchScreenVC.xib in Resources */ = {isa = PBXBuildFile; fileRef = 9CBDB3962B8C48C6005EA5EA /* LaunchScreenVC.xib */; };
		9CBDB39A2B8C7A1D005EA5EA /* StreamingVCModel.swift in Sources */ = {isa = PBXBuildFile; fileRef = 9CBDB3992B8C7A1D005EA5EA /* StreamingVCModel.swift */; };
		9CC422C52B9DC8BF000DBC09 /* StreamingInfo.swift in Sources */ = {isa = PBXBuildFile; fileRef = 9CC422C42B9DC8BF000DBC09 /* StreamingInfo.swift */; };
		9CC422C72B9F08EB000DBC09 /* TestPlayer.swift in Sources */ = {isa = PBXBuildFile; fileRef = 9CC422C62B9F08EB000DBC09 /* TestPlayer.swift */; };
		9CC422CA2BA01E64000DBC09 /* NoticeVC.swift in Sources */ = {isa = PBXBuildFile; fileRef = 9CC422C92BA01E64000DBC09 /* NoticeVC.swift */; };
		9CC422CF2BA01F13000DBC09 /* NoticeCell.swift in Sources */ = {isa = PBXBuildFile; fileRef = 9CC422CD2BA01F13000DBC09 /* NoticeCell.swift */; };
		9CC422D02BA01F13000DBC09 /* NoticeCell.xib in Resources */ = {isa = PBXBuildFile; fileRef = 9CC422CE2BA01F13000DBC09 /* NoticeCell.xib */; };
		9CC422D22BA02240000DBC09 /* NoticeModel.swift in Sources */ = {isa = PBXBuildFile; fileRef = 9CC422D12BA02240000DBC09 /* NoticeModel.swift */; };
		9CC422D42BA04A5E000DBC09 /* NoticeInfoVC.swift in Sources */ = {isa = PBXBuildFile; fileRef = 9CC422D32BA04A5E000DBC09 /* NoticeInfoVC.swift */; };
		9CCA80A32B9186F9000E3312 /* WatchCamListSettingVC.swift in Sources */ = {isa = PBXBuildFile; fileRef = 9CCA80A22B9186F9000E3312 /* WatchCamListSettingVC.swift */; };
		9CCA80A52B91E54E000E3312 /* WatchCamListSettingModel.swift in Sources */ = {isa = PBXBuildFile; fileRef = 9CCA80A42B91E54E000E3312 /* WatchCamListSettingModel.swift */; };
		9CD86C0E2BBAC11300FD1E67 /* HaishinKit in Frameworks */ = {isa = PBXBuildFile; productRef = 9CD86C0D2BBAC11300FD1E67 /* HaishinKit */; };
		9CD86C102BBAC11300FD1E67 /* SRTHaishinKit in Frameworks */ = {isa = PBXBuildFile; productRef = 9CD86C0F2BBAC11300FD1E67 /* SRTHaishinKit */; };
		9CD86C122BBBB4DC00FD1E67 /* Stream.swift in Sources */ = {isa = PBXBuildFile; fileRef = 9CD86C112BBBB4DC00FD1E67 /* Stream.swift */; };
		9CE06A702B85B7B700DBF073 /* MoveViewControllerModel.swift in Sources */ = {isa = PBXBuildFile; fileRef = 9CE06A6F2B85B7B700DBF073 /* MoveViewControllerModel.swift */; };
/* End PBXBuildFile section */

/* Begin PBXContainerItemProxy section */
		9C1B14C32B7EFDD600BA9E64 /* PBXContainerItemProxy */ = {
			isa = PBXContainerItemProxy;
			containerPortal = 9C1B14A12B7EFDD500BA9E64 /* Project object */;
			proxyType = 1;
			remoteGlobalIDString = 9C1B14A82B7EFDD500BA9E64;
			remoteInfo = PetCam;
		};
		9C1B14CD2B7EFDD600BA9E64 /* PBXContainerItemProxy */ = {
			isa = PBXContainerItemProxy;
			containerPortal = 9C1B14A12B7EFDD500BA9E64 /* Project object */;
			proxyType = 1;
			remoteGlobalIDString = 9C1B14A82B7EFDD500BA9E64;
			remoteInfo = PetCam;
		};
/* End PBXContainerItemProxy section */

/* Begin PBXCopyFilesBuildPhase section */
		9CD8687F2BBAB53300FD1E67 /* Embed Frameworks */ = {
			isa = PBXCopyFilesBuildPhase;
			buildActionMask = 2147483647;
			dstPath = "";
			dstSubfolderSpec = 10;
			files = (
			);
			name = "Embed Frameworks";
			runOnlyForDeploymentPostprocessing = 0;
		};
/* End PBXCopyFilesBuildPhase section */

/* Begin PBXFileReference section */
		9C01FC682BA9AB3C00BA6062 /* UserInfoModel.swift */ = {isa = PBXFileReference; lastKnownFileType = sourcecode.swift; path = UserInfoModel.swift; sourceTree = "<group>"; };
		9C1B14A92B7EFDD500BA9E64 /* PetCam.app */ = {isa = PBXFileReference; explicitFileType = wrapper.application; includeInIndex = 0; path = PetCam.app; sourceTree = BUILT_PRODUCTS_DIR; };
		9C1B14AC2B7EFDD500BA9E64 /* AppDelegate.swift */ = {isa = PBXFileReference; lastKnownFileType = sourcecode.swift; path = AppDelegate.swift; sourceTree = "<group>"; };
		9C1B14AE2B7EFDD500BA9E64 /* SceneDelegate.swift */ = {isa = PBXFileReference; lastKnownFileType = sourcecode.swift; path = SceneDelegate.swift; sourceTree = "<group>"; };
		9C1B14B02B7EFDD500BA9E64 /* SignInVC.swift */ = {isa = PBXFileReference; lastKnownFileType = sourcecode.swift; path = SignInVC.swift; sourceTree = "<group>"; };
		9C1B14B32B7EFDD500BA9E64 /* Base */ = {isa = PBXFileReference; lastKnownFileType = file.storyboard; name = Base; path = Base.lproj/Main.storyboard; sourceTree = "<group>"; };
		9C1B14B62B7EFDD500BA9E64 /* PetCam.xcdatamodel */ = {isa = PBXFileReference; lastKnownFileType = wrapper.xcdatamodel; path = PetCam.xcdatamodel; sourceTree = "<group>"; };
		9C1B14B82B7EFDD600BA9E64 /* Assets.xcassets */ = {isa = PBXFileReference; lastKnownFileType = folder.assetcatalog; path = Assets.xcassets; sourceTree = "<group>"; };
		9C1B14BB2B7EFDD600BA9E64 /* Base */ = {isa = PBXFileReference; lastKnownFileType = file.storyboard; name = Base; path = Base.lproj/LaunchScreen.storyboard; sourceTree = "<group>"; };
		9C1B14BD2B7EFDD600BA9E64 /* Info.plist */ = {isa = PBXFileReference; lastKnownFileType = text.plist.xml; path = Info.plist; sourceTree = "<group>"; };
		9C1B14C22B7EFDD600BA9E64 /* PetCamTests.xctest */ = {isa = PBXFileReference; explicitFileType = wrapper.cfbundle; includeInIndex = 0; path = PetCamTests.xctest; sourceTree = BUILT_PRODUCTS_DIR; };
		9C1B14C62B7EFDD600BA9E64 /* PetCamTests.swift */ = {isa = PBXFileReference; lastKnownFileType = sourcecode.swift; path = PetCamTests.swift; sourceTree = "<group>"; };
		9C1B14CC2B7EFDD600BA9E64 /* PetCamUITests.xctest */ = {isa = PBXFileReference; explicitFileType = wrapper.cfbundle; includeInIndex = 0; path = PetCamUITests.xctest; sourceTree = BUILT_PRODUCTS_DIR; };
		9C1B14D02B7EFDD600BA9E64 /* PetCamUITests.swift */ = {isa = PBXFileReference; lastKnownFileType = sourcecode.swift; path = PetCamUITests.swift; sourceTree = "<group>"; };
		9C1B14D22B7EFDD600BA9E64 /* PetCamUITestsLaunchTests.swift */ = {isa = PBXFileReference; lastKnownFileType = sourcecode.swift; path = PetCamUITestsLaunchTests.swift; sourceTree = "<group>"; };
		9C1B14EB2B7F0C5400BA9E64 /* GoogleService-Info.plist */ = {isa = PBXFileReference; fileEncoding = 4; lastKnownFileType = text.plist.xml; path = "GoogleService-Info.plist"; sourceTree = "<group>"; };
		9C5275B22B8703D300B885A9 /* URLModel.swift */ = {isa = PBXFileReference; lastKnownFileType = sourcecode.swift; path = URLModel.swift; sourceTree = "<group>"; };
		9C6503D12BB802FD00177FD6 /* PetCam.entitlements */ = {isa = PBXFileReference; lastKnownFileType = text.plist.entitlements; path = PetCam.entitlements; sourceTree = "<group>"; };
		9C8E296A2B8842F4000A113D /* NavigationController.swift */ = {isa = PBXFileReference; lastKnownFileType = sourcecode.swift; path = NavigationController.swift; sourceTree = "<group>"; };
		9C9D57CA2B7F1CFE00228CC4 /* SelectModeVC.swift */ = {isa = PBXFileReference; lastKnownFileType = sourcecode.swift; path = SelectModeVC.swift; sourceTree = "<group>"; };
		9C9D57D02B7F537600228CC4 /* WatchTabbar.swift */ = {isa = PBXFileReference; lastKnownFileType = sourcecode.swift; path = WatchTabbar.swift; sourceTree = "<group>"; };
		9C9D57D22B7F542F00228CC4 /* WatchCamListVC.swift */ = {isa = PBXFileReference; lastKnownFileType = sourcecode.swift; path = WatchCamListVC.swift; sourceTree = "<group>"; };
		9C9D57DE2B7F595A00228CC4 /* CamPlayerVC.swift */ = {isa = PBXFileReference; lastKnownFileType = sourcecode.swift; path = CamPlayerVC.swift; sourceTree = "<group>"; };
		9C9D57E02B805E0700228CC4 /* PlayerModel.swift */ = {isa = PBXFileReference; lastKnownFileType = sourcecode.swift; path = PlayerModel.swift; sourceTree = "<group>"; };
		9C9D57E22B80924B00228CC4 /* WatchTableCell.swift */ = {isa = PBXFileReference; lastKnownFileType = sourcecode.swift; path = WatchTableCell.swift; sourceTree = "<group>"; };
		9C9D57E32B80924B00228CC4 /* WatchTableCell.xib */ = {isa = PBXFileReference; lastKnownFileType = file.xib; path = WatchTableCell.xib; sourceTree = "<group>"; };
		9C9D57E62B8098D200228CC4 /* FirebaseModel.swift */ = {isa = PBXFileReference; lastKnownFileType = sourcecode.swift; path = FirebaseModel.swift; sourceTree = "<group>"; };
		9C9D57E92B809D2C00228CC4 /* UserInfoVC.swift */ = {isa = PBXFileReference; lastKnownFileType = sourcecode.swift; path = UserInfoVC.swift; sourceTree = "<group>"; };
		9C9D57EE2B83587200228CC4 /* CamMode.storyboard */ = {isa = PBXFileReference; lastKnownFileType = file.storyboard; path = CamMode.storyboard; sourceTree = "<group>"; };
		9C9D57F02B8358BB00228CC4 /* StreamingVC.swift */ = {isa = PBXFileReference; lastKnownFileType = sourcecode.swift; path = StreamingVC.swift; sourceTree = "<group>"; };
		9CAF52842B8E131F0087D940 /* WatchCamListModel.swift */ = {isa = PBXFileReference; lastKnownFileType = sourcecode.swift; path = WatchCamListModel.swift; sourceTree = "<group>"; };
		9CBDB38A2B89C812005EA5EA /* LaunchScreen.swift */ = {isa = PBXFileReference; lastKnownFileType = sourcecode.swift; path = LaunchScreen.swift; sourceTree = "<group>"; };
		9CBDB3952B8C48C6005EA5EA /* LaunchScreenVC.swift */ = {isa = PBXFileReference; lastKnownFileType = sourcecode.swift; path = LaunchScreenVC.swift; sourceTree = "<group>"; };
		9CBDB3962B8C48C6005EA5EA /* LaunchScreenVC.xib */ = {isa = PBXFileReference; lastKnownFileType = file.xib; path = LaunchScreenVC.xib; sourceTree = "<group>"; };
		9CBDB3992B8C7A1D005EA5EA /* StreamingVCModel.swift */ = {isa = PBXFileReference; lastKnownFileType = sourcecode.swift; path = StreamingVCModel.swift; sourceTree = "<group>"; };
		9CC422C42B9DC8BF000DBC09 /* StreamingInfo.swift */ = {isa = PBXFileReference; lastKnownFileType = sourcecode.swift; path = StreamingInfo.swift; sourceTree = "<group>"; };
		9CC422C62B9F08EB000DBC09 /* TestPlayer.swift */ = {isa = PBXFileReference; lastKnownFileType = sourcecode.swift; path = TestPlayer.swift; sourceTree = "<group>"; };
		9CC422C92BA01E64000DBC09 /* NoticeVC.swift */ = {isa = PBXFileReference; lastKnownFileType = sourcecode.swift; path = NoticeVC.swift; sourceTree = "<group>"; };
		9CC422CD2BA01F13000DBC09 /* NoticeCell.swift */ = {isa = PBXFileReference; lastKnownFileType = sourcecode.swift; path = NoticeCell.swift; sourceTree = "<group>"; };
		9CC422CE2BA01F13000DBC09 /* NoticeCell.xib */ = {isa = PBXFileReference; lastKnownFileType = file.xib; path = NoticeCell.xib; sourceTree = "<group>"; };
		9CC422D12BA02240000DBC09 /* NoticeModel.swift */ = {isa = PBXFileReference; lastKnownFileType = sourcecode.swift; path = NoticeModel.swift; sourceTree = "<group>"; };
		9CC422D32BA04A5E000DBC09 /* NoticeInfoVC.swift */ = {isa = PBXFileReference; lastKnownFileType = sourcecode.swift; path = NoticeInfoVC.swift; sourceTree = "<group>"; };
		9CCA80A22B9186F9000E3312 /* WatchCamListSettingVC.swift */ = {isa = PBXFileReference; lastKnownFileType = sourcecode.swift; path = WatchCamListSettingVC.swift; sourceTree = "<group>"; };
		9CCA80A42B91E54E000E3312 /* WatchCamListSettingModel.swift */ = {isa = PBXFileReference; lastKnownFileType = sourcecode.swift; path = WatchCamListSettingModel.swift; sourceTree = "<group>"; };
		9CD86C112BBBB4DC00FD1E67 /* Stream.swift */ = {isa = PBXFileReference; lastKnownFileType = sourcecode.swift; path = Stream.swift; sourceTree = "<group>"; };
		9CE06A6F2B85B7B700DBF073 /* MoveViewControllerModel.swift */ = {isa = PBXFileReference; lastKnownFileType = sourcecode.swift; path = MoveViewControllerModel.swift; sourceTree = "<group>"; };
/* End PBXFileReference section */

/* Begin PBXFrameworksBuildPhase section */
		9C1B14A62B7EFDD500BA9E64 /* Frameworks */ = {
			isa = PBXFrameworksBuildPhase;
			buildActionMask = 2147483647;
			files = (
				9C1B14E12B7EFE6E00BA9E64 /* FirebaseDatabase in Frameworks */,
				9CD86C0E2BBAC11300FD1E67 /* HaishinKit in Frameworks */,
				9CD86C102BBAC11300FD1E67 /* SRTHaishinKit in Frameworks */,
				9C1B14E32B7EFE6E00BA9E64 /* FirebaseStorage in Frameworks */,
				9C1B14E82B7F09EA00BA9E64 /* GoogleSignIn in Frameworks */,
				9C1B14EF2B7F12F700BA9E64 /* FirebaseAuth in Frameworks */,
			);
			runOnlyForDeploymentPostprocessing = 0;
		};
		9C1B14BF2B7EFDD600BA9E64 /* Frameworks */ = {
			isa = PBXFrameworksBuildPhase;
			buildActionMask = 2147483647;
			files = (
			);
			runOnlyForDeploymentPostprocessing = 0;
		};
		9C1B14C92B7EFDD600BA9E64 /* Frameworks */ = {
			isa = PBXFrameworksBuildPhase;
			buildActionMask = 2147483647;
			files = (
			);
			runOnlyForDeploymentPostprocessing = 0;
		};
/* End PBXFrameworksBuildPhase section */

/* Begin PBXGroup section */
		9C1B14A02B7EFDD500BA9E64 = {
			isa = PBXGroup;
			children = (
				9C1B14AB2B7EFDD500BA9E64 /* PetCam */,
				9C1B14C52B7EFDD600BA9E64 /* PetCamTests */,
				9C1B14CF2B7EFDD600BA9E64 /* PetCamUITests */,
				9C1B14AA2B7EFDD500BA9E64 /* Products */,
			);
			sourceTree = "<group>";
		};
		9C1B14AA2B7EFDD500BA9E64 /* Products */ = {
			isa = PBXGroup;
			children = (
				9C1B14A92B7EFDD500BA9E64 /* PetCam.app */,
				9C1B14C22B7EFDD600BA9E64 /* PetCamTests.xctest */,
				9C1B14CC2B7EFDD600BA9E64 /* PetCamUITests.xctest */,
			);
			name = Products;
			sourceTree = "<group>";
		};
		9C1B14AB2B7EFDD500BA9E64 /* PetCam */ = {
			isa = PBXGroup;
			children = (
				9C6503D12BB802FD00177FD6 /* PetCam.entitlements */,
				9C1B14AC2B7EFDD500BA9E64 /* AppDelegate.swift */,
				9C1B14AE2B7EFDD500BA9E64 /* SceneDelegate.swift */,
				9C9D57CA2B7F1CFE00228CC4 /* SelectModeVC.swift */,
				9C8E296A2B8842F4000A113D /* NavigationController.swift */,
				9C1B14B02B7EFDD500BA9E64 /* SignInVC.swift */,
				9CBDB3942B8C429D005EA5EA /* MainModel */,
				9C1B14E52B7EFED800BA9E64 /* WatchMode */,
				9C1B14E42B7EFEB200BA9E64 /* CamMode */,
				9C1B14B22B7EFDD500BA9E64 /* Main.storyboard */,
				9C1B14B82B7EFDD600BA9E64 /* Assets.xcassets */,
				9C1B14BA2B7EFDD600BA9E64 /* LaunchScreen.storyboard */,
				9CBDB38A2B89C812005EA5EA /* LaunchScreen.swift */,
				9CBDB3952B8C48C6005EA5EA /* LaunchScreenVC.swift */,
				9CBDB3962B8C48C6005EA5EA /* LaunchScreenVC.xib */,
				9C1B14BD2B7EFDD600BA9E64 /* Info.plist */,
				9C1B14EB2B7F0C5400BA9E64 /* GoogleService-Info.plist */,
				9C1B14B52B7EFDD500BA9E64 /* PetCam.xcdatamodeld */,
			);
			path = PetCam;
			sourceTree = "<group>";
		};
		9C1B14C52B7EFDD600BA9E64 /* PetCamTests */ = {
			isa = PBXGroup;
			children = (
				9C1B14C62B7EFDD600BA9E64 /* PetCamTests.swift */,
			);
			path = PetCamTests;
			sourceTree = "<group>";
		};
		9C1B14CF2B7EFDD600BA9E64 /* PetCamUITests */ = {
			isa = PBXGroup;
			children = (
				9C1B14D22B7EFDD600BA9E64 /* PetCamUITestsLaunchTests.swift */,
				9C1B14D02B7EFDD600BA9E64 /* PetCamUITests.swift */,
			);
			path = PetCamUITests;
			sourceTree = "<group>";
		};
		9C1B14E42B7EFEB200BA9E64 /* CamMode */ = {
			isa = PBXGroup;
			children = (
				9C9D57EE2B83587200228CC4 /* CamMode.storyboard */,
				9C9D57F02B8358BB00228CC4 /* StreamingVC.swift */,
				9CD86C112BBBB4DC00FD1E67 /* Stream.swift */,
				9CBDB3992B8C7A1D005EA5EA /* StreamingVCModel.swift */,
				9CC422C42B9DC8BF000DBC09 /* StreamingInfo.swift */,
			);
			path = CamMode;
			sourceTree = "<group>";
		};
		9C1B14E52B7EFED800BA9E64 /* WatchMode */ = {
			isa = PBXGroup;
			children = (
				9C9D57D02B7F537600228CC4 /* WatchTabbar.swift */,
				9C9D57D42B7F550600228CC4 /* WatchCam */,
				9CC422C82BA01E19000DBC09 /* Notice */,
				9C9D57E82B809CF700228CC4 /* UserInfo */,
			);
			path = WatchMode;
			sourceTree = "<group>";
		};
		9C67163F2BB1536100794A39 /* WatchTableCell */ = {
			isa = PBXGroup;
			children = (
				9C9D57E22B80924B00228CC4 /* WatchTableCell.swift */,
				9C9D57E32B80924B00228CC4 /* WatchTableCell.xib */,
			);
			name = WatchTableCell;
			sourceTree = "<group>";
		};
		9C9D57D42B7F550600228CC4 /* WatchCam */ = {
			isa = PBXGroup;
			children = (
				9C9D57DD2B7F591000228CC4 /* WatchCamPlayer */,
				9C9D57D22B7F542F00228CC4 /* WatchCamListVC.swift */,
				9CAF52842B8E131F0087D940 /* WatchCamListModel.swift */,
				9C67163F2BB1536100794A39 /* WatchTableCell */,
				9CCA80A22B9186F9000E3312 /* WatchCamListSettingVC.swift */,
				9CCA80A42B91E54E000E3312 /* WatchCamListSettingModel.swift */,
			);
			name = WatchCam;
			sourceTree = "<group>";
		};
		9C9D57DD2B7F591000228CC4 /* WatchCamPlayer */ = {
			isa = PBXGroup;
			children = (
				9C9D57DE2B7F595A00228CC4 /* CamPlayerVC.swift */,
				9CC422C62B9F08EB000DBC09 /* TestPlayer.swift */,
				9C9D57E02B805E0700228CC4 /* PlayerModel.swift */,
			);
			name = WatchCamPlayer;
			sourceTree = "<group>";
		};
		9C9D57E82B809CF700228CC4 /* UserInfo */ = {
			isa = PBXGroup;
			children = (
				9C9D57E92B809D2C00228CC4 /* UserInfoVC.swift */,
				9C01FC682BA9AB3C00BA6062 /* UserInfoModel.swift */,
			);
			name = UserInfo;
			sourceTree = "<group>";
		};
		9CBDB3942B8C429D005EA5EA /* MainModel */ = {
			isa = PBXGroup;
			children = (
				9C9D57E62B8098D200228CC4 /* FirebaseModel.swift */,
				9CE06A6F2B85B7B700DBF073 /* MoveViewControllerModel.swift */,
				9C5275B22B8703D300B885A9 /* URLModel.swift */,
			);
			path = MainModel;
			sourceTree = "<group>";
		};
		9CC422C82BA01E19000DBC09 /* Notice */ = {
			isa = PBXGroup;
			children = (
				9CC422C92BA01E64000DBC09 /* NoticeVC.swift */,
				9CC422D12BA02240000DBC09 /* NoticeModel.swift */,
				9CC422CD2BA01F13000DBC09 /* NoticeCell.swift */,
				9CC422D32BA04A5E000DBC09 /* NoticeInfoVC.swift */,
				9CC422CE2BA01F13000DBC09 /* NoticeCell.xib */,
			);
			name = Notice;
			sourceTree = "<group>";
		};
/* End PBXGroup section */

/* Begin PBXNativeTarget section */
		9C1B14A82B7EFDD500BA9E64 /* PetCam */ = {
			isa = PBXNativeTarget;
			buildConfigurationList = 9C1B14D62B7EFDD600BA9E64 /* Build configuration list for PBXNativeTarget "PetCam" */;
			buildPhases = (
				9C1B14A52B7EFDD500BA9E64 /* Sources */,
				9C1B14A62B7EFDD500BA9E64 /* Frameworks */,
				9C1B14A72B7EFDD500BA9E64 /* Resources */,
				9CD8687F2BBAB53300FD1E67 /* Embed Frameworks */,
			);
			buildRules = (
			);
			dependencies = (
			);
			name = PetCam;
			packageProductDependencies = (
				9C1B14E02B7EFE6E00BA9E64 /* FirebaseDatabase */,
				9C1B14E22B7EFE6E00BA9E64 /* FirebaseStorage */,
				9C1B14E72B7F09EA00BA9E64 /* GoogleSignIn */,
				9C1B14EE2B7F12F700BA9E64 /* FirebaseAuth */,
				9CD86C0D2BBAC11300FD1E67 /* HaishinKit */,
				9CD86C0F2BBAC11300FD1E67 /* SRTHaishinKit */,
			);
			productName = PetCam;
			productReference = 9C1B14A92B7EFDD500BA9E64 /* PetCam.app */;
			productType = "com.apple.product-type.application";
		};
		9C1B14C12B7EFDD600BA9E64 /* PetCamTests */ = {
			isa = PBXNativeTarget;
			buildConfigurationList = 9C1B14D92B7EFDD600BA9E64 /* Build configuration list for PBXNativeTarget "PetCamTests" */;
			buildPhases = (
				9C1B14BE2B7EFDD600BA9E64 /* Sources */,
				9C1B14BF2B7EFDD600BA9E64 /* Frameworks */,
				9C1B14C02B7EFDD600BA9E64 /* Resources */,
			);
			buildRules = (
			);
			dependencies = (
				9C1B14C42B7EFDD600BA9E64 /* PBXTargetDependency */,
			);
			name = PetCamTests;
			productName = PetCamTests;
			productReference = 9C1B14C22B7EFDD600BA9E64 /* PetCamTests.xctest */;
			productType = "com.apple.product-type.bundle.unit-test";
		};
		9C1B14CB2B7EFDD600BA9E64 /* PetCamUITests */ = {
			isa = PBXNativeTarget;
			buildConfigurationList = 9C1B14DC2B7EFDD600BA9E64 /* Build configuration list for PBXNativeTarget "PetCamUITests" */;
			buildPhases = (
				9C1B14C82B7EFDD600BA9E64 /* Sources */,
				9C1B14C92B7EFDD600BA9E64 /* Frameworks */,
				9C1B14CA2B7EFDD600BA9E64 /* Resources */,
			);
			buildRules = (
			);
			dependencies = (
				9C1B14CE2B7EFDD600BA9E64 /* PBXTargetDependency */,
			);
			name = PetCamUITests;
			productName = PetCamUITests;
			productReference = 9C1B14CC2B7EFDD600BA9E64 /* PetCamUITests.xctest */;
			productType = "com.apple.product-type.bundle.ui-testing";
		};
/* End PBXNativeTarget section */

/* Begin PBXProject section */
		9C1B14A12B7EFDD500BA9E64 /* Project object */ = {
			isa = PBXProject;
			attributes = {
				BuildIndependentTargetsInParallel = 1;
				LastSwiftUpdateCheck = 1520;
				LastUpgradeCheck = 1520;
				TargetAttributes = {
					9C1B14A82B7EFDD500BA9E64 = {
						CreatedOnToolsVersion = 15.2;
					};
					9C1B14C12B7EFDD600BA9E64 = {
						CreatedOnToolsVersion = 15.2;
						TestTargetID = 9C1B14A82B7EFDD500BA9E64;
					};
					9C1B14CB2B7EFDD600BA9E64 = {
						CreatedOnToolsVersion = 15.2;
						TestTargetID = 9C1B14A82B7EFDD500BA9E64;
					};
				};
			};
			buildConfigurationList = 9C1B14A42B7EFDD500BA9E64 /* Build configuration list for PBXProject "PetCam" */;
			compatibilityVersion = "Xcode 14.0";
			developmentRegion = en;
			hasScannedForEncodings = 0;
			knownRegions = (
				en,
				Base,
			);
			mainGroup = 9C1B14A02B7EFDD500BA9E64;
			packageReferences = (
				9C1B14DF2B7EFE6E00BA9E64 /* XCRemoteSwiftPackageReference "firebase-ios-sdk" */,
				9C1B14E62B7F09EA00BA9E64 /* XCRemoteSwiftPackageReference "GoogleSignIn-iOS" */,
				9CD868802BBAB61B00FD1E67 /* XCRemoteSwiftPackageReference "HaishinKit.swift" */,
			);
			productRefGroup = 9C1B14AA2B7EFDD500BA9E64 /* Products */;
			projectDirPath = "";
			projectRoot = "";
			targets = (
				9C1B14A82B7EFDD500BA9E64 /* PetCam */,
				9C1B14C12B7EFDD600BA9E64 /* PetCamTests */,
				9C1B14CB2B7EFDD600BA9E64 /* PetCamUITests */,
			);
		};
/* End PBXProject section */

/* Begin PBXResourcesBuildPhase section */
		9C1B14A72B7EFDD500BA9E64 /* Resources */ = {
			isa = PBXResourcesBuildPhase;
			buildActionMask = 2147483647;
			files = (
				9CC422D02BA01F13000DBC09 /* NoticeCell.xib in Resources */,
				9C9D57E52B80924B00228CC4 /* WatchTableCell.xib in Resources */,
				9C1B14BC2B7EFDD600BA9E64 /* LaunchScreen.storyboard in Resources */,
				9C1B14EC2B7F0C5400BA9E64 /* GoogleService-Info.plist in Resources */,
				9C1B14B92B7EFDD600BA9E64 /* Assets.xcassets in Resources */,
				9C1B14B42B7EFDD500BA9E64 /* Main.storyboard in Resources */,
				9CBDB3982B8C48C6005EA5EA /* LaunchScreenVC.xib in Resources */,
				9C9D57EF2B83587200228CC4 /* CamMode.storyboard in Resources */,
			);
			runOnlyForDeploymentPostprocessing = 0;
		};
		9C1B14C02B7EFDD600BA9E64 /* Resources */ = {
			isa = PBXResourcesBuildPhase;
			buildActionMask = 2147483647;
			files = (
			);
			runOnlyForDeploymentPostprocessing = 0;
		};
		9C1B14CA2B7EFDD600BA9E64 /* Resources */ = {
			isa = PBXResourcesBuildPhase;
			buildActionMask = 2147483647;
			files = (
			);
			runOnlyForDeploymentPostprocessing = 0;
		};
/* End PBXResourcesBuildPhase section */

/* Begin PBXSourcesBuildPhase section */
		9C1B14A52B7EFDD500BA9E64 /* Sources */ = {
			isa = PBXSourcesBuildPhase;
			buildActionMask = 2147483647;
			files = (
				9C9D57E72B8098D200228CC4 /* FirebaseModel.swift in Sources */,
				9CBDB39A2B8C7A1D005EA5EA /* StreamingVCModel.swift in Sources */,
				9C9D57EA2B809D2C00228CC4 /* UserInfoVC.swift in Sources */,
				9CCA80A32B9186F9000E3312 /* WatchCamListSettingVC.swift in Sources */,
				9CBDB38B2B89C812005EA5EA /* LaunchScreen.swift in Sources */,
				9CCA80A52B91E54E000E3312 /* WatchCamListSettingModel.swift in Sources */,
				9C1B14B12B7EFDD500BA9E64 /* SignInVC.swift in Sources */,
				9C9D57E12B805E0700228CC4 /* PlayerModel.swift in Sources */,
				9C01FC692BA9AB3C00BA6062 /* UserInfoModel.swift in Sources */,
				9C1B14B72B7EFDD500BA9E64 /* PetCam.xcdatamodeld in Sources */,
				9C8E296B2B8842F4000A113D /* NavigationController.swift in Sources */,
				9C1B14AD2B7EFDD500BA9E64 /* AppDelegate.swift in Sources */,
				9CC422C52B9DC8BF000DBC09 /* StreamingInfo.swift in Sources */,
				9CC422D22BA02240000DBC09 /* NoticeModel.swift in Sources */,
				9CAF52852B8E131F0087D940 /* WatchCamListModel.swift in Sources */,
				9CC422C72B9F08EB000DBC09 /* TestPlayer.swift in Sources */,
				9C5275B32B8703D300B885A9 /* URLModel.swift in Sources */,
				9CC422CF2BA01F13000DBC09 /* NoticeCell.swift in Sources */,
				9CC422D42BA04A5E000DBC09 /* NoticeInfoVC.swift in Sources */,
				9CD86C122BBBB4DC00FD1E67 /* Stream.swift in Sources */,
				9C9D57E42B80924B00228CC4 /* WatchTableCell.swift in Sources */,
				9C1B14AF2B7EFDD500BA9E64 /* SceneDelegate.swift in Sources */,
				9CC422CA2BA01E64000DBC09 /* NoticeVC.swift in Sources */,
				9C9D57D32B7F542F00228CC4 /* WatchCamListVC.swift in Sources */,
				9CBDB3972B8C48C6005EA5EA /* LaunchScreenVC.swift in Sources */,
				9C9D57D12B7F537600228CC4 /* WatchTabbar.swift in Sources */,
				9C9D57CC2B7F1CFE00228CC4 /* SelectModeVC.swift in Sources */,
				9CE06A702B85B7B700DBF073 /* MoveViewControllerModel.swift in Sources */,
				9C9D57DF2B7F595A00228CC4 /* CamPlayerVC.swift in Sources */,
				9C9D57F12B8358BB00228CC4 /* StreamingVC.swift in Sources */,
			);
			runOnlyForDeploymentPostprocessing = 0;
		};
		9C1B14BE2B7EFDD600BA9E64 /* Sources */ = {
			isa = PBXSourcesBuildPhase;
			buildActionMask = 2147483647;
			files = (
				9C1B14C72B7EFDD600BA9E64 /* PetCamTests.swift in Sources */,
			);
			runOnlyForDeploymentPostprocessing = 0;
		};
		9C1B14C82B7EFDD600BA9E64 /* Sources */ = {
			isa = PBXSourcesBuildPhase;
			buildActionMask = 2147483647;
			files = (
				9C1B14D32B7EFDD600BA9E64 /* PetCamUITestsLaunchTests.swift in Sources */,
				9C1B14D12B7EFDD600BA9E64 /* PetCamUITests.swift in Sources */,
			);
			runOnlyForDeploymentPostprocessing = 0;
		};
/* End PBXSourcesBuildPhase section */

/* Begin PBXTargetDependency section */
		9C1B14C42B7EFDD600BA9E64 /* PBXTargetDependency */ = {
			isa = PBXTargetDependency;
			target = 9C1B14A82B7EFDD500BA9E64 /* PetCam */;
			targetProxy = 9C1B14C32B7EFDD600BA9E64 /* PBXContainerItemProxy */;
		};
		9C1B14CE2B7EFDD600BA9E64 /* PBXTargetDependency */ = {
			isa = PBXTargetDependency;
			target = 9C1B14A82B7EFDD500BA9E64 /* PetCam */;
			targetProxy = 9C1B14CD2B7EFDD600BA9E64 /* PBXContainerItemProxy */;
		};
/* End PBXTargetDependency section */

/* Begin PBXVariantGroup section */
		9C1B14B22B7EFDD500BA9E64 /* Main.storyboard */ = {
			isa = PBXVariantGroup;
			children = (
				9C1B14B32B7EFDD500BA9E64 /* Base */,
			);
			name = Main.storyboard;
			sourceTree = "<group>";
		};
		9C1B14BA2B7EFDD600BA9E64 /* LaunchScreen.storyboard */ = {
			isa = PBXVariantGroup;
			children = (
				9C1B14BB2B7EFDD600BA9E64 /* Base */,
			);
			name = LaunchScreen.storyboard;
			sourceTree = "<group>";
		};
/* End PBXVariantGroup section */

/* Begin XCBuildConfiguration section */
		9C1B14D42B7EFDD600BA9E64 /* Debug */ = {
			isa = XCBuildConfiguration;
			buildSettings = {
				ALWAYS_SEARCH_USER_PATHS = NO;
				ASSETCATALOG_COMPILER_GENERATE_SWIFT_ASSET_SYMBOL_EXTENSIONS = YES;
				CLANG_ANALYZER_NONNULL = YES;
				CLANG_ANALYZER_NUMBER_OBJECT_CONVERSION = YES_AGGRESSIVE;
				CLANG_CXX_LANGUAGE_STANDARD = "gnu++20";
				CLANG_ENABLE_MODULES = YES;
				CLANG_ENABLE_OBJC_ARC = YES;
				CLANG_ENABLE_OBJC_WEAK = YES;
				CLANG_WARN_BLOCK_CAPTURE_AUTORELEASING = YES;
				CLANG_WARN_BOOL_CONVERSION = YES;
				CLANG_WARN_COMMA = YES;
				CLANG_WARN_CONSTANT_CONVERSION = YES;
				CLANG_WARN_DEPRECATED_OBJC_IMPLEMENTATIONS = YES;
				CLANG_WARN_DIRECT_OBJC_ISA_USAGE = YES_ERROR;
				CLANG_WARN_DOCUMENTATION_COMMENTS = YES;
				CLANG_WARN_EMPTY_BODY = YES;
				CLANG_WARN_ENUM_CONVERSION = YES;
				CLANG_WARN_INFINITE_RECURSION = YES;
				CLANG_WARN_INT_CONVERSION = YES;
				CLANG_WARN_NON_LITERAL_NULL_CONVERSION = YES;
				CLANG_WARN_OBJC_IMPLICIT_RETAIN_SELF = YES;
				CLANG_WARN_OBJC_LITERAL_CONVERSION = YES;
				CLANG_WARN_OBJC_ROOT_CLASS = YES_ERROR;
				CLANG_WARN_QUOTED_INCLUDE_IN_FRAMEWORK_HEADER = YES;
				CLANG_WARN_RANGE_LOOP_ANALYSIS = YES;
				CLANG_WARN_STRICT_PROTOTYPES = YES;
				CLANG_WARN_SUSPICIOUS_MOVE = YES;
				CLANG_WARN_UNGUARDED_AVAILABILITY = YES_AGGRESSIVE;
				CLANG_WARN_UNREACHABLE_CODE = YES;
				CLANG_WARN__DUPLICATE_METHOD_MATCH = YES;
				COPY_PHASE_STRIP = NO;
				DEBUG_INFORMATION_FORMAT = dwarf;
				ENABLE_STRICT_OBJC_MSGSEND = YES;
				ENABLE_TESTABILITY = YES;
				ENABLE_USER_SCRIPT_SANDBOXING = NO;
				GCC_C_LANGUAGE_STANDARD = gnu17;
				GCC_DYNAMIC_NO_PIC = NO;
				GCC_NO_COMMON_BLOCKS = YES;
				GCC_OPTIMIZATION_LEVEL = 0;
				GCC_PREPROCESSOR_DEFINITIONS = (
					"DEBUG=1",
					"$(inherited)",
				);
				GCC_WARN_64_TO_32_BIT_CONVERSION = YES;
				GCC_WARN_ABOUT_RETURN_TYPE = YES_ERROR;
				GCC_WARN_UNDECLARED_SELECTOR = YES;
				GCC_WARN_UNINITIALIZED_AUTOS = YES_AGGRESSIVE;
				GCC_WARN_UNUSED_FUNCTION = YES;
				GCC_WARN_UNUSED_VARIABLE = YES;
				IPHONEOS_DEPLOYMENT_TARGET = 13.0;
				LOCALIZATION_PREFERS_STRING_CATALOGS = YES;
				MTL_ENABLE_DEBUG_INFO = INCLUDE_SOURCE;
				MTL_FAST_MATH = YES;
				ONLY_ACTIVE_ARCH = YES;
				SDKROOT = iphoneos;
				SWIFT_ACTIVE_COMPILATION_CONDITIONS = "DEBUG $(inherited)";
				SWIFT_OPTIMIZATION_LEVEL = "-Onone";
			};
			name = Debug;
		};
		9C1B14D52B7EFDD600BA9E64 /* Release */ = {
			isa = XCBuildConfiguration;
			buildSettings = {
				ALWAYS_SEARCH_USER_PATHS = NO;
				ASSETCATALOG_COMPILER_GENERATE_SWIFT_ASSET_SYMBOL_EXTENSIONS = YES;
				CLANG_ANALYZER_NONNULL = YES;
				CLANG_ANALYZER_NUMBER_OBJECT_CONVERSION = YES_AGGRESSIVE;
				CLANG_CXX_LANGUAGE_STANDARD = "gnu++20";
				CLANG_ENABLE_MODULES = YES;
				CLANG_ENABLE_OBJC_ARC = YES;
				CLANG_ENABLE_OBJC_WEAK = YES;
				CLANG_WARN_BLOCK_CAPTURE_AUTORELEASING = YES;
				CLANG_WARN_BOOL_CONVERSION = YES;
				CLANG_WARN_COMMA = YES;
				CLANG_WARN_CONSTANT_CONVERSION = YES;
				CLANG_WARN_DEPRECATED_OBJC_IMPLEMENTATIONS = YES;
				CLANG_WARN_DIRECT_OBJC_ISA_USAGE = YES_ERROR;
				CLANG_WARN_DOCUMENTATION_COMMENTS = YES;
				CLANG_WARN_EMPTY_BODY = YES;
				CLANG_WARN_ENUM_CONVERSION = YES;
				CLANG_WARN_INFINITE_RECURSION = YES;
				CLANG_WARN_INT_CONVERSION = YES;
				CLANG_WARN_NON_LITERAL_NULL_CONVERSION = YES;
				CLANG_WARN_OBJC_IMPLICIT_RETAIN_SELF = YES;
				CLANG_WARN_OBJC_LITERAL_CONVERSION = YES;
				CLANG_WARN_OBJC_ROOT_CLASS = YES_ERROR;
				CLANG_WARN_QUOTED_INCLUDE_IN_FRAMEWORK_HEADER = YES;
				CLANG_WARN_RANGE_LOOP_ANALYSIS = YES;
				CLANG_WARN_STRICT_PROTOTYPES = YES;
				CLANG_WARN_SUSPICIOUS_MOVE = YES;
				CLANG_WARN_UNGUARDED_AVAILABILITY = YES_AGGRESSIVE;
				CLANG_WARN_UNREACHABLE_CODE = YES;
				CLANG_WARN__DUPLICATE_METHOD_MATCH = YES;
				COPY_PHASE_STRIP = NO;
				DEBUG_INFORMATION_FORMAT = "dwarf-with-dsym";
				ENABLE_NS_ASSERTIONS = NO;
				ENABLE_STRICT_OBJC_MSGSEND = YES;
				ENABLE_USER_SCRIPT_SANDBOXING = NO;
				GCC_C_LANGUAGE_STANDARD = gnu17;
				GCC_NO_COMMON_BLOCKS = YES;
				GCC_WARN_64_TO_32_BIT_CONVERSION = YES;
				GCC_WARN_ABOUT_RETURN_TYPE = YES_ERROR;
				GCC_WARN_UNDECLARED_SELECTOR = YES;
				GCC_WARN_UNINITIALIZED_AUTOS = YES_AGGRESSIVE;
				GCC_WARN_UNUSED_FUNCTION = YES;
				GCC_WARN_UNUSED_VARIABLE = YES;
				IPHONEOS_DEPLOYMENT_TARGET = 13.0;
				LOCALIZATION_PREFERS_STRING_CATALOGS = YES;
				MTL_ENABLE_DEBUG_INFO = NO;
				MTL_FAST_MATH = YES;
				SDKROOT = iphoneos;
				SWIFT_COMPILATION_MODE = wholemodule;
				VALIDATE_PRODUCT = YES;
			};
			name = Release;
		};
		9C1B14D72B7EFDD600BA9E64 /* Debug */ = {
			isa = XCBuildConfiguration;
			buildSettings = {
				ASSETCATALOG_COMPILER_APPICON_NAME = AppIcon;
				ASSETCATALOG_COMPILER_GLOBAL_ACCENT_COLOR_NAME = AccentColor;
				CODE_SIGN_ENTITLEMENTS = PetCam/PetCam.entitlements;
				CODE_SIGN_STYLE = Automatic;
				CURRENT_PROJECT_VERSION = 1;
				DEVELOPMENT_TEAM = YB2CT6C8VD;
				ENABLE_USER_SCRIPT_SANDBOXING = NO;
				GENERATE_INFOPLIST_FILE = YES;
				INFOPLIST_FILE = PetCam/Info.plist;
				INFOPLIST_KEY_NSCameraUsageDescription = "Camera permissions for taking videos";
				INFOPLIST_KEY_NSMicrophoneUsageDescription = "Mic permissions for taking videos";
				INFOPLIST_KEY_UIApplicationSupportsIndirectInputEvents = YES;
				INFOPLIST_KEY_UILaunchStoryboardName = Main.storyboard;
				INFOPLIST_KEY_UIMainStoryboardFile = Main;
				INFOPLIST_KEY_UISupportedInterfaceOrientations_iPad = "UIInterfaceOrientationPortrait UIInterfaceOrientationPortraitUpsideDown UIInterfaceOrientationLandscapeLeft UIInterfaceOrientationLandscapeRight";
				INFOPLIST_KEY_UISupportedInterfaceOrientations_iPhone = "UIInterfaceOrientationPortrait UIInterfaceOrientationLandscapeLeft UIInterfaceOrientationLandscapeRight";
				IPHONEOS_DEPLOYMENT_TARGET = 13.0;
				LD_RUNPATH_SEARCH_PATHS = (
					"$(inherited)",
					"@executable_path/Frameworks",
				);
				MARKETING_VERSION = 1.0;
				PRODUCT_BUNDLE_IDENTIFIER = yys.PetCam;
				PRODUCT_NAME = "$(TARGET_NAME)";
				SUPPORTED_PLATFORMS = "iphoneos iphonesimulator";
				SUPPORTS_MACCATALYST = NO;
				SUPPORTS_XR_DESIGNED_FOR_IPHONE_IPAD = NO;
				SWIFT_EMIT_LOC_STRINGS = YES;
				SWIFT_VERSION = 5.0;
				TARGETED_DEVICE_FAMILY = 1;
			};
			name = Debug;
		};
		9C1B14D82B7EFDD600BA9E64 /* Release */ = {
			isa = XCBuildConfiguration;
			buildSettings = {
				ASSETCATALOG_COMPILER_APPICON_NAME = AppIcon;
				ASSETCATALOG_COMPILER_GLOBAL_ACCENT_COLOR_NAME = AccentColor;
				CODE_SIGN_ENTITLEMENTS = PetCam/PetCam.entitlements;
				CODE_SIGN_STYLE = Automatic;
				CURRENT_PROJECT_VERSION = 1;
				DEVELOPMENT_TEAM = YB2CT6C8VD;
				ENABLE_USER_SCRIPT_SANDBOXING = NO;
				GENERATE_INFOPLIST_FILE = YES;
				INFOPLIST_FILE = PetCam/Info.plist;
				INFOPLIST_KEY_NSCameraUsageDescription = "Camera permissions for taking videos";
				INFOPLIST_KEY_NSMicrophoneUsageDescription = "Mic permissions for taking videos";
				INFOPLIST_KEY_UIApplicationSupportsIndirectInputEvents = YES;
				INFOPLIST_KEY_UILaunchStoryboardName = Main.storyboard;
				INFOPLIST_KEY_UIMainStoryboardFile = Main;
				INFOPLIST_KEY_UISupportedInterfaceOrientations_iPad = "UIInterfaceOrientationPortrait UIInterfaceOrientationPortraitUpsideDown UIInterfaceOrientationLandscapeLeft UIInterfaceOrientationLandscapeRight";
				INFOPLIST_KEY_UISupportedInterfaceOrientations_iPhone = "UIInterfaceOrientationPortrait UIInterfaceOrientationLandscapeLeft UIInterfaceOrientationLandscapeRight";
				IPHONEOS_DEPLOYMENT_TARGET = 13.0;
				LD_RUNPATH_SEARCH_PATHS = (
					"$(inherited)",
					"@executable_path/Frameworks",
				);
				MARKETING_VERSION = 1.0;
				PRODUCT_BUNDLE_IDENTIFIER = yys.PetCam;
				PRODUCT_NAME = "$(TARGET_NAME)";
				SUPPORTED_PLATFORMS = "iphoneos iphonesimulator";
				SUPPORTS_MACCATALYST = NO;
				SUPPORTS_XR_DESIGNED_FOR_IPHONE_IPAD = NO;
				SWIFT_EMIT_LOC_STRINGS = YES;
				SWIFT_VERSION = 5.0;
				TARGETED_DEVICE_FAMILY = 1;
			};
			name = Release;
		};
		9C1B14DA2B7EFDD600BA9E64 /* Debug */ = {
			isa = XCBuildConfiguration;
			buildSettings = {
				ALWAYS_EMBED_SWIFT_STANDARD_LIBRARIES = YES;
				BUNDLE_LOADER = "$(TEST_HOST)";
				CODE_SIGN_STYLE = Automatic;
				CURRENT_PROJECT_VERSION = 1;
				DEVELOPMENT_TEAM = YB2CT6C8VD;
				GENERATE_INFOPLIST_FILE = YES;
				IPHONEOS_DEPLOYMENT_TARGET = 17.2;
				MARKETING_VERSION = 1.0;
				PRODUCT_BUNDLE_IDENTIFIER = yys.PetCamTests;
				PRODUCT_NAME = "$(TARGET_NAME)";
				SWIFT_EMIT_LOC_STRINGS = NO;
				SWIFT_VERSION = 5.0;
				TARGETED_DEVICE_FAMILY = "1,2";
				TEST_HOST = "$(BUILT_PRODUCTS_DIR)/PetCam.app/$(BUNDLE_EXECUTABLE_FOLDER_PATH)/PetCam";
			};
			name = Debug;
		};
		9C1B14DB2B7EFDD600BA9E64 /* Release */ = {
			isa = XCBuildConfiguration;
			buildSettings = {
				ALWAYS_EMBED_SWIFT_STANDARD_LIBRARIES = YES;
				BUNDLE_LOADER = "$(TEST_HOST)";
				CODE_SIGN_STYLE = Automatic;
				CURRENT_PROJECT_VERSION = 1;
				DEVELOPMENT_TEAM = YB2CT6C8VD;
				GENERATE_INFOPLIST_FILE = YES;
				IPHONEOS_DEPLOYMENT_TARGET = 17.2;
				MARKETING_VERSION = 1.0;
				PRODUCT_BUNDLE_IDENTIFIER = yys.PetCamTests;
				PRODUCT_NAME = "$(TARGET_NAME)";
				SWIFT_EMIT_LOC_STRINGS = NO;
				SWIFT_VERSION = 5.0;
				TARGETED_DEVICE_FAMILY = "1,2";
				TEST_HOST = "$(BUILT_PRODUCTS_DIR)/PetCam.app/$(BUNDLE_EXECUTABLE_FOLDER_PATH)/PetCam";
			};
			name = Release;
		};
		9C1B14DD2B7EFDD600BA9E64 /* Debug */ = {
			isa = XCBuildConfiguration;
			buildSettings = {
				ALWAYS_EMBED_SWIFT_STANDARD_LIBRARIES = YES;
				CODE_SIGN_STYLE = Automatic;
				CURRENT_PROJECT_VERSION = 1;
				DEVELOPMENT_TEAM = YB2CT6C8VD;
				GENERATE_INFOPLIST_FILE = YES;
				MARKETING_VERSION = 1.0;
				PRODUCT_BUNDLE_IDENTIFIER = yys.PetCamUITests;
				PRODUCT_NAME = "$(TARGET_NAME)";
				SWIFT_EMIT_LOC_STRINGS = NO;
				SWIFT_VERSION = 5.0;
				TARGETED_DEVICE_FAMILY = "1,2";
				TEST_TARGET_NAME = PetCam;
			};
			name = Debug;
		};
		9C1B14DE2B7EFDD600BA9E64 /* Release */ = {
			isa = XCBuildConfiguration;
			buildSettings = {
				ALWAYS_EMBED_SWIFT_STANDARD_LIBRARIES = YES;
				CODE_SIGN_STYLE = Automatic;
				CURRENT_PROJECT_VERSION = 1;
				DEVELOPMENT_TEAM = YB2CT6C8VD;
				GENERATE_INFOPLIST_FILE = YES;
				MARKETING_VERSION = 1.0;
				PRODUCT_BUNDLE_IDENTIFIER = yys.PetCamUITests;
				PRODUCT_NAME = "$(TARGET_NAME)";
				SWIFT_EMIT_LOC_STRINGS = NO;
				SWIFT_VERSION = 5.0;
				TARGETED_DEVICE_FAMILY = "1,2";
				TEST_TARGET_NAME = PetCam;
			};
			name = Release;
		};
/* End XCBuildConfiguration section */

/* Begin XCConfigurationList section */
		9C1B14A42B7EFDD500BA9E64 /* Build configuration list for PBXProject "PetCam" */ = {
			isa = XCConfigurationList;
			buildConfigurations = (
				9C1B14D42B7EFDD600BA9E64 /* Debug */,
				9C1B14D52B7EFDD600BA9E64 /* Release */,
			);
			defaultConfigurationIsVisible = 0;
			defaultConfigurationName = Release;
		};
		9C1B14D62B7EFDD600BA9E64 /* Build configuration list for PBXNativeTarget "PetCam" */ = {
			isa = XCConfigurationList;
			buildConfigurations = (
				9C1B14D72B7EFDD600BA9E64 /* Debug */,
				9C1B14D82B7EFDD600BA9E64 /* Release */,
			);
			defaultConfigurationIsVisible = 0;
			defaultConfigurationName = Release;
		};
		9C1B14D92B7EFDD600BA9E64 /* Build configuration list for PBXNativeTarget "PetCamTests" */ = {
			isa = XCConfigurationList;
			buildConfigurations = (
				9C1B14DA2B7EFDD600BA9E64 /* Debug */,
				9C1B14DB2B7EFDD600BA9E64 /* Release */,
			);
			defaultConfigurationIsVisible = 0;
			defaultConfigurationName = Release;
		};
		9C1B14DC2B7EFDD600BA9E64 /* Build configuration list for PBXNativeTarget "PetCamUITests" */ = {
			isa = XCConfigurationList;
			buildConfigurations = (
				9C1B14DD2B7EFDD600BA9E64 /* Debug */,
				9C1B14DE2B7EFDD600BA9E64 /* Release */,
			);
			defaultConfigurationIsVisible = 0;
			defaultConfigurationName = Release;
		};
/* End XCConfigurationList section */

/* Begin XCRemoteSwiftPackageReference section */
		9C1B14DF2B7EFE6E00BA9E64 /* XCRemoteSwiftPackageReference "firebase-ios-sdk" */ = {
			isa = XCRemoteSwiftPackageReference;
			repositoryURL = "https://github.com/firebase/firebase-ios-sdk";
			requirement = {
				kind = upToNextMajorVersion;
				minimumVersion = 10.21.0;
			};
		};
		9C1B14E62B7F09EA00BA9E64 /* XCRemoteSwiftPackageReference "GoogleSignIn-iOS" */ = {
			isa = XCRemoteSwiftPackageReference;
			repositoryURL = "https://github.com/google/GoogleSignIn-iOS";
			requirement = {
				kind = upToNextMajorVersion;
				minimumVersion = 7.0.0;
			};
		};
		9CD868802BBAB61B00FD1E67 /* XCRemoteSwiftPackageReference "HaishinKit.swift" */ = {
			isa = XCRemoteSwiftPackageReference;
			repositoryURL = "https://github.com/shogo4405/HaishinKit.swift.git";
			requirement = {
				kind = upToNextMajorVersion;
				minimumVersion = 1.7.5;
			};
		};
/* End XCRemoteSwiftPackageReference section */

/* Begin XCSwiftPackageProductDependency section */
		9C1B14E02B7EFE6E00BA9E64 /* FirebaseDatabase */ = {
			isa = XCSwiftPackageProductDependency;
			package = 9C1B14DF2B7EFE6E00BA9E64 /* XCRemoteSwiftPackageReference "firebase-ios-sdk" */;
			productName = FirebaseDatabase;
		};
		9C1B14E22B7EFE6E00BA9E64 /* FirebaseStorage */ = {
			isa = XCSwiftPackageProductDependency;
			package = 9C1B14DF2B7EFE6E00BA9E64 /* XCRemoteSwiftPackageReference "firebase-ios-sdk" */;
			productName = FirebaseStorage;
		};
		9C1B14E72B7F09EA00BA9E64 /* GoogleSignIn */ = {
			isa = XCSwiftPackageProductDependency;
			package = 9C1B14E62B7F09EA00BA9E64 /* XCRemoteSwiftPackageReference "GoogleSignIn-iOS" */;
			productName = GoogleSignIn;
		};
		9C1B14EE2B7F12F700BA9E64 /* FirebaseAuth */ = {
			isa = XCSwiftPackageProductDependency;
			package = 9C1B14DF2B7EFE6E00BA9E64 /* XCRemoteSwiftPackageReference "firebase-ios-sdk" */;
			productName = FirebaseAuth;
		};
		9CD86C0D2BBAC11300FD1E67 /* HaishinKit */ = {
			isa = XCSwiftPackageProductDependency;
			package = 9CD868802BBAB61B00FD1E67 /* XCRemoteSwiftPackageReference "HaishinKit.swift" */;
			productName = HaishinKit;
		};
		9CD86C0F2BBAC11300FD1E67 /* SRTHaishinKit */ = {
			isa = XCSwiftPackageProductDependency;
			package = 9CD868802BBAB61B00FD1E67 /* XCRemoteSwiftPackageReference "HaishinKit.swift" */;
			productName = SRTHaishinKit;
		};
/* End XCSwiftPackageProductDependency section */

/* Begin XCVersionGroup section */
		9C1B14B52B7EFDD500BA9E64 /* PetCam.xcdatamodeld */ = {
			isa = XCVersionGroup;
			children = (
				9C1B14B62B7EFDD500BA9E64 /* PetCam.xcdatamodel */,
			);
			currentVersion = 9C1B14B62B7EFDD500BA9E64 /* PetCam.xcdatamodel */;
			path = PetCam.xcdatamodeld;
			sourceTree = "<group>";
			versionGroupType = wrapper.xcdatamodel;
		};
/* End XCVersionGroup section */
	};
	rootObject = 9C1B14A12B7EFDD500BA9E64 /* Project object */;
}
